// !$*UTF8*$!
{
	archiveVersion = 1;
	classes = {
	};
	objectVersion = 51;
	objects = {

/* Begin PBXBuildFile section */
		5E039CAB24AFFDA0009B1BC6 /* PasswordVC.swift in Sources */ = {isa = PBXBuildFile; fileRef = 5E039CAA24AFFDA0009B1BC6 /* PasswordVC.swift */; };
		5E039CAD24AFFDAE009B1BC6 /* EmailVC.swift in Sources */ = {isa = PBXBuildFile; fileRef = 5E039CAC24AFFDAE009B1BC6 /* EmailVC.swift */; };
		5E039CAF24AFFDBE009B1BC6 /* IDVC.swift in Sources */ = {isa = PBXBuildFile; fileRef = 5E039CAE24AFFDBE009B1BC6 /* IDVC.swift */; };
		5E039CB124AFFE9D009B1BC6 /* LoginVC+Constraint.swift in Sources */ = {isa = PBXBuildFile; fileRef = 5E039CB024AFFE9D009B1BC6 /* LoginVC+Constraint.swift */; };
		5E039CB324AFFEAB009B1BC6 /* EmailVC+Constraint.swift in Sources */ = {isa = PBXBuildFile; fileRef = 5E039CB224AFFEAB009B1BC6 /* EmailVC+Constraint.swift */; };
		5E039CB524AFFEBD009B1BC6 /* IDVC+Constraint.swift in Sources */ = {isa = PBXBuildFile; fileRef = 5E039CB424AFFEBD009B1BC6 /* IDVC+Constraint.swift */; };
		5E039CB724AFFECF009B1BC6 /* Password+Constraint.swift in Sources */ = {isa = PBXBuildFile; fileRef = 5E039CB624AFFECF009B1BC6 /* Password+Constraint.swift */; };
		5E075D3824B0ABF70035C415 /* NotoSansKR-Medium.otf in Resources */ = {isa = PBXBuildFile; fileRef = 5E075D3124B0ABF30035C415 /* NotoSansKR-Medium.otf */; };
		5E075D3924B0ABF70035C415 /* NotoSansKR-Thin.otf in Resources */ = {isa = PBXBuildFile; fileRef = 5E075D3224B0ABF40035C415 /* NotoSansKR-Thin.otf */; };
		5E075D3A24B0ABF70035C415 /* NotoSansKR-Light.otf in Resources */ = {isa = PBXBuildFile; fileRef = 5E075D3324B0ABF40035C415 /* NotoSansKR-Light.otf */; };
		5E075D3B24B0ABF70035C415 /* NotoSansKR-Bold.otf in Resources */ = {isa = PBXBuildFile; fileRef = 5E075D3424B0ABF50035C415 /* NotoSansKR-Bold.otf */; };
		5E075D3C24B0ABF70035C415 /* OFL.txt in Resources */ = {isa = PBXBuildFile; fileRef = 5E075D3524B0ABF60035C415 /* OFL.txt */; };
		5E075D3D24B0ABF70035C415 /* NotoSansKR-Black.otf in Resources */ = {isa = PBXBuildFile; fileRef = 5E075D3624B0ABF60035C415 /* NotoSansKR-Black.otf */; };
		5E075D3E24B0ABF70035C415 /* NotoSansKR-Regular.otf in Resources */ = {isa = PBXBuildFile; fileRef = 5E075D3724B0ABF70035C415 /* NotoSansKR-Regular.otf */; };
		5E112F8824BF006F00F4B1AC /* Ounce.xcdatamodeld in Sources */ = {isa = PBXBuildFile; fileRef = 5E112F8624BF006F00F4B1AC /* Ounce.xcdatamodeld */; };
		5E112F8D24BF025D00F4B1AC /* SearchTVCell.swift in Sources */ = {isa = PBXBuildFile; fileRef = 5E112F8B24BF025D00F4B1AC /* SearchTVCell.swift */; };
		5E112F8E24BF025D00F4B1AC /* SearchTVCell.xib in Resources */ = {isa = PBXBuildFile; fileRef = 5E112F8C24BF025D00F4B1AC /* SearchTVCell.xib */; };
		5E179B0824BCC1DA0061A498 /* Token.swift in Sources */ = {isa = PBXBuildFile; fileRef = 5E179B0724BCC1DA0061A498 /* Token.swift */; };
		5E179B0B24BCECCE0061A498 /* SortingCell.swift in Sources */ = {isa = PBXBuildFile; fileRef = 7FE7BA5924BCD6E300D57089 /* SortingCell.swift */; };
		5E179B1524BDBD700061A498 /* CatProduct.swift in Sources */ = {isa = PBXBuildFile; fileRef = 5E179B1324BDBD6F0061A498 /* CatProduct.swift */; };
		5E179B1624BDBD700061A498 /* Recommend.swift in Sources */ = {isa = PBXBuildFile; fileRef = 5E179B1424BDBD700061A498 /* Recommend.swift */; };
		5E179B1824BDBE390061A498 /* User.swift in Sources */ = {isa = PBXBuildFile; fileRef = 5E179B1724BDBE390061A498 /* User.swift */; };
		5E1ACDF624C1E8ED00EE7806 /* SplashVC.swift in Sources */ = {isa = PBXBuildFile; fileRef = 5E1ACDF524C1E8ED00EE7806 /* SplashVC.swift */; };
		5E2204BF24C259130021A9AC /* OtherAccount.swift in Sources */ = {isa = PBXBuildFile; fileRef = 5E2204BE24C259130021A9AC /* OtherAccount.swift */; };
		5E2C33F924B44E1A001F0FB4 /* SignUpCompleteVC.swift in Sources */ = {isa = PBXBuildFile; fileRef = 5E2C33F824B44E1A001F0FB4 /* SignUpCompleteVC.swift */; };
		5E35794C24AE37B300043066 /* UIViewController+Extension.swift in Sources */ = {isa = PBXBuildFile; fileRef = 5E35794B24AE37B300043066 /* UIViewController+Extension.swift */; };
		5E35794E24AE37D400043066 /* UIColor+Extension.swift in Sources */ = {isa = PBXBuildFile; fileRef = 5E35794D24AE37D400043066 /* UIColor+Extension.swift */; };
		5E35795024AE385500043066 /* UITextView+Extension.swift in Sources */ = {isa = PBXBuildFile; fileRef = 5E35794F24AE385500043066 /* UITextView+Extension.swift */; };
		5E35795224AE38A900043066 /* UIButton+Extension.swift in Sources */ = {isa = PBXBuildFile; fileRef = 5E35795124AE38A900043066 /* UIButton+Extension.swift */; };
		5E35795424AE38BE00043066 /* UIImageView+Extension.swift in Sources */ = {isa = PBXBuildFile; fileRef = 5E35795324AE38BE00043066 /* UIImageView+Extension.swift */; };
		5E35795624AE38D100043066 /* Date+Extension.swift in Sources */ = {isa = PBXBuildFile; fileRef = 5E35795524AE38D100043066 /* Date+Extension.swift */; };
		5E35795824AE38E900043066 /* UITableView+Extension.swift in Sources */ = {isa = PBXBuildFile; fileRef = 5E35795724AE38E900043066 /* UITableView+Extension.swift */; };
		5E35795A24AE38FC00043066 /* String+Extension.swift in Sources */ = {isa = PBXBuildFile; fileRef = 5E35795924AE38FC00043066 /* String+Extension.swift */; };
		5E35795C24AE391500043066 /* UITabBar+Extension.swift in Sources */ = {isa = PBXBuildFile; fileRef = 5E35795B24AE391500043066 /* UITabBar+Extension.swift */; };
		5E48BF1A24B1D7750060EA7B /* BrowseVC.swift in Sources */ = {isa = PBXBuildFile; fileRef = 5E48BF1924B1D7750060EA7B /* BrowseVC.swift */; };
		5E48BF1C24B1D77D0060EA7B /* Browse.storyboard in Resources */ = {isa = PBXBuildFile; fileRef = 5E48BF1B24B1D77D0060EA7B /* Browse.storyboard */; };
		5E48BF1F24B1D79D0060EA7B /* BrowseCVCell.swift in Sources */ = {isa = PBXBuildFile; fileRef = 5E48BF1D24B1D79D0060EA7B /* BrowseCVCell.swift */; };
		5E48BF2024B1D79D0060EA7B /* BrowseCVCell.xib in Resources */ = {isa = PBXBuildFile; fileRef = 5E48BF1E24B1D79D0060EA7B /* BrowseCVCell.xib */; };
		5E48BF2224B1D7BB0060EA7B /* PostVC.swift in Sources */ = {isa = PBXBuildFile; fileRef = 5E48BF2124B1D7BB0060EA7B /* PostVC.swift */; };
		5E48BF2424B1D7C20060EA7B /* Post.storyboard in Resources */ = {isa = PBXBuildFile; fileRef = 5E48BF2324B1D7C20060EA7B /* Post.storyboard */; };
		5E48BF2724B1D7DA0060EA7B /* PostCVCell.swift in Sources */ = {isa = PBXBuildFile; fileRef = 5E48BF2524B1D7DA0060EA7B /* PostCVCell.swift */; };
		5E48BF2824B1D7DA0060EA7B /* PostCVCell.xib in Resources */ = {isa = PBXBuildFile; fileRef = 5E48BF2624B1D7DA0060EA7B /* PostCVCell.xib */; };
		5E48BF2A24B1ED810060EA7B /* CustomTabBar.swift in Sources */ = {isa = PBXBuildFile; fileRef = 5E48BF2924B1ED810060EA7B /* CustomTabBar.swift */; };
		5E580D0F24C1E22800878126 /* ReviewTotal.swift in Sources */ = {isa = PBXBuildFile; fileRef = 5E580D0E24C1E22700878126 /* ReviewTotal.swift */; };
		5E5A43A024B23DED0017BA29 /* CALayer+Extension.swift in Sources */ = {isa = PBXBuildFile; fileRef = 5E5A439F24B23DED0017BA29 /* CALayer+Extension.swift */; };
		5E5C668724B5AF4C007C35E6 /* RegisterNavVC.swift in Sources */ = {isa = PBXBuildFile; fileRef = 5E5C668624B5AF4C007C35E6 /* RegisterNavVC.swift */; };
		5E69E88A24AC672D005D4DC1 /* ReferenceVC.swift in Sources */ = {isa = PBXBuildFile; fileRef = 5E69E88924AC672D005D4DC1 /* ReferenceVC.swift */; };
		5E69E88D24AC673E005D4DC1 /* Reference.storyboard in Resources */ = {isa = PBXBuildFile; fileRef = 5E69E88C24AC673E005D4DC1 /* Reference.storyboard */; };
		5E69E89124AC6769005D4DC1 /* ReferenceCVCell.swift in Sources */ = {isa = PBXBuildFile; fileRef = 5E69E88F24AC6769005D4DC1 /* ReferenceCVCell.swift */; };
		5E69E89224AC6769005D4DC1 /* ReferenceCVCell.xib in Resources */ = {isa = PBXBuildFile; fileRef = 5E69E89024AC6769005D4DC1 /* ReferenceCVCell.xib */; };
		5E69E89624AC6833005D4DC1 /* Font+Enum.swift in Sources */ = {isa = PBXBuildFile; fileRef = 5E69E89524AC6833005D4DC1 /* Font+Enum.swift */; };
		5E69E89824AC685C005D4DC1 /* UIView+Extension.swift in Sources */ = {isa = PBXBuildFile; fileRef = 5E69E89724AC685C005D4DC1 /* UIView+Extension.swift */; };
		5E69E89A24AC689C005D4DC1 /* APIConstants.swift in Sources */ = {isa = PBXBuildFile; fileRef = 5E69E89924AC689C005D4DC1 /* APIConstants.swift */; };
		5E69E8A224AC6BF7005D4DC1 /* MainCell.swift in Sources */ = {isa = PBXBuildFile; fileRef = 5E69E8A124AC6BF7005D4DC1 /* MainCell.swift */; };
		5E69E8A424AC6C61005D4DC1 /* LoginVC.swift in Sources */ = {isa = PBXBuildFile; fileRef = 5E69E8A324AC6C61005D4DC1 /* LoginVC.swift */; };
		5E69E8A624AC6C97005D4DC1 /* Login.storyboard in Resources */ = {isa = PBXBuildFile; fileRef = 5E69E8A524AC6C97005D4DC1 /* Login.storyboard */; };
		5E69E8A824AC6CA1005D4DC1 /* LoginCell.swift in Sources */ = {isa = PBXBuildFile; fileRef = 5E69E8A724AC6CA1005D4DC1 /* LoginCell.swift */; };
		5E71ACCE24C0E08400EFC3EA /* OtherProfile.swift in Sources */ = {isa = PBXBuildFile; fileRef = 5E71ACCD24C0E08400EFC3EA /* OtherProfile.swift */; };
		5E76F71924C29431008D9D37 /* Splash.gif in Resources */ = {isa = PBXBuildFile; fileRef = 5E76F71824C29431008D9D37 /* Splash.gif */; };
		5E7C974424C23B9A00E5386F /* Default-568h@2x.png in Resources */ = {isa = PBXBuildFile; fileRef = 5E40C5F024BF49B50023B8E6 /* Default-568h@2x.png */; };
		5E87D84A24BE2A4400E10A8C /* SortingListVC.swift in Sources */ = {isa = PBXBuildFile; fileRef = 5E87D84924BE2A4400E10A8C /* SortingListVC.swift */; };
		5E9236FA24B4387B00378C8C /* RegisterDetailVC.swift in Sources */ = {isa = PBXBuildFile; fileRef = 5E9236F924B4387B00378C8C /* RegisterDetailVC.swift */; };
		5E9E4A6824C1F1AC00F92D50 /* Screen.gif in Resources */ = {isa = PBXBuildFile; fileRef = 5E9E4A6724C1F1AC00F92D50 /* Screen.gif */; };
		5E9E4A6A24C1F55000F92D50 /* LogoAnimationView.swift in Sources */ = {isa = PBXBuildFile; fileRef = 5E9E4A6924C1F55000F92D50 /* LogoAnimationView.swift */; };
		5EA0B01524B1D1A40051C352 /* TBC.swift in Sources */ = {isa = PBXBuildFile; fileRef = 5EA0B01424B1D1A40051C352 /* TBC.swift */; };
		5EA0B01724B1D1AC0051C352 /* TabBar.storyboard in Resources */ = {isa = PBXBuildFile; fileRef = 5EA0B01624B1D1AC0051C352 /* TabBar.storyboard */; };
		5EA7C45924B8E92400EB95EA /* BrowseSearchVC.swift in Sources */ = {isa = PBXBuildFile; fileRef = 5EA7C45824B8E92400EB95EA /* BrowseSearchVC.swift */; };
		5EA7C45D24B8EAA100EB95EA /* BrowseTabCVCell.swift in Sources */ = {isa = PBXBuildFile; fileRef = 5EA7C45C24B8EAA100EB95EA /* BrowseTabCVCell.swift */; };
		5EA7C45F24B8EAAD00EB95EA /* BrowsePageCVCell.swift in Sources */ = {isa = PBXBuildFile; fileRef = 5EA7C45E24B8EAAD00EB95EA /* BrowsePageCVCell.swift */; };
		5EA7C46124B8EE5B00EB95EA /* BrowseUserTVCell.swift in Sources */ = {isa = PBXBuildFile; fileRef = 5EA7C46024B8EE5B00EB95EA /* BrowseUserTVCell.swift */; };
		5EA7C46324B8EE7400EB95EA /* BrowseProductTVCell.swift in Sources */ = {isa = PBXBuildFile; fileRef = 5EA7C46224B8EE7400EB95EA /* BrowseProductTVCell.swift */; };
		5EA7C46524B8F17D00EB95EA /* BrowseSearchVC+Constraint.swift in Sources */ = {isa = PBXBuildFile; fileRef = 5EA7C46424B8F17D00EB95EA /* BrowseSearchVC+Constraint.swift */; };
		5EA889FF24B3BEE300C4CEC4 /* RegisterVC.swift in Sources */ = {isa = PBXBuildFile; fileRef = 5EA889FE24B3BEE300C4CEC4 /* RegisterVC.swift */; };
		5EA88A0124B3BEF600C4CEC4 /* Register.storyboard in Resources */ = {isa = PBXBuildFile; fileRef = 5EA88A0024B3BEF600C4CEC4 /* Register.storyboard */; };
		5EB8B7FA24C1F88200C238DB /* LoginNVC.swift in Sources */ = {isa = PBXBuildFile; fileRef = 5EB8B7F924C1F88200C238DB /* LoginNVC.swift */; };
		5EBA555124C1E31C002CC6D1 /* DetailReview.swift in Sources */ = {isa = PBXBuildFile; fileRef = 5EBA555024C1E31C002CC6D1 /* DetailReview.swift */; };
		5EBA555324C1E32B002CC6D1 /* LimitAccount.swift in Sources */ = {isa = PBXBuildFile; fileRef = 5EBA555224C1E32B002CC6D1 /* LimitAccount.swift */; };
		5EBB76FB24C26E010051A255 /* CategoryService.swift in Sources */ = {isa = PBXBuildFile; fileRef = 5EBB76FA24C26E010051A255 /* CategoryService.swift */; };
		5EBB76FF24C2793C0051A255 /* spla.gif in Resources */ = {isa = PBXBuildFile; fileRef = 5EBB76FE24C2793C0051A255 /* spla.gif */; };
		5EC8D3AF24BF90DE00C4813B /* OtherProfileTVCell.swift in Sources */ = {isa = PBXBuildFile; fileRef = 5EC8D3AE24BF90DE00C4813B /* OtherProfileTVCell.swift */; };
		5ED22C7F24C061C700F311F9 /* Review.swift in Sources */ = {isa = PBXBuildFile; fileRef = 5ED22C7E24C061C700F311F9 /* Review.swift */; };
		5EFD2DC024BAFE140054B357 /* ProductDetail.storyboard in Resources */ = {isa = PBXBuildFile; fileRef = 5EFD2DBF24BAFE140054B357 /* ProductDetail.storyboard */; };
		5EFD2DC224BAFE300054B357 /* ProductDetailVC.swift in Sources */ = {isa = PBXBuildFile; fileRef = 5EFD2DC124BAFE300054B357 /* ProductDetailVC.swift */; };
		5EFD2DC424BB006A0054B357 /* ProductDetail+Constraint.swift in Sources */ = {isa = PBXBuildFile; fileRef = 5EFD2DC324BB006A0054B357 /* ProductDetail+Constraint.swift */; };
		5EFD2DC624BB01070054B357 /* ProductDetailTVCell.swift in Sources */ = {isa = PBXBuildFile; fileRef = 5EFD2DC524BB01070054B357 /* ProductDetailTVCell.swift */; };
		5EFD2DC724BB5DBC0054B357 /* SortingVC.swift in Sources */ = {isa = PBXBuildFile; fileRef = 7F7CE9C024B898E100CB2476 /* SortingVC.swift */; };
		5EFD2DC924BC66100054B357 /* NetworkResult.swift in Sources */ = {isa = PBXBuildFile; fileRef = 5EFD2DC824BC66100054B357 /* NetworkResult.swift */; };
		5EFD2DCB24BC68290054B357 /* ResponseResult.swift in Sources */ = {isa = PBXBuildFile; fileRef = 5EFD2DCA24BC68290054B357 /* ResponseResult.swift */; };
		5EFD2DCD24BC69CC0054B357 /* UserService.swift in Sources */ = {isa = PBXBuildFile; fileRef = 5EFD2DCC24BC69CC0054B357 /* UserService.swift */; };
		5EFD2DCF24BC6E430054B357 /* SignIn.swift in Sources */ = {isa = PBXBuildFile; fileRef = 5EFD2DCE24BC6E430054B357 /* SignIn.swift */; };
		773384C624B791C400D05E8F /* Social.storyboard in Resources */ = {isa = PBXBuildFile; fileRef = 773384C524B791C400D05E8F /* Social.storyboard */; };
		773384EC24B8E91200D05E8F /* SocialVC.swift in Sources */ = {isa = PBXBuildFile; fileRef = 773384EB24B8E91200D05E8F /* SocialVC.swift */; };
		773384EF24B8EAF200D05E8F /* TabCVC.swift in Sources */ = {isa = PBXBuildFile; fileRef = 773384ED24B8EAF200D05E8F /* TabCVC.swift */; };
		773384F024B8EAF200D05E8F /* TabCVC.xib in Resources */ = {isa = PBXBuildFile; fileRef = 773384EE24B8EAF200D05E8F /* TabCVC.xib */; };
		773384F324B8EE6B00D05E8F /* PageCVC.swift in Sources */ = {isa = PBXBuildFile; fileRef = 773384F124B8EE6B00D05E8F /* PageCVC.swift */; };
		773384F424B8EE6B00D05E8F /* PageCVC.xib in Resources */ = {isa = PBXBuildFile; fileRef = 773384F224B8EE6B00D05E8F /* PageCVC.xib */; };
		773384F724B9174A00D05E8F /* AcquaintanceTVC.swift in Sources */ = {isa = PBXBuildFile; fileRef = 773384F524B9174A00D05E8F /* AcquaintanceTVC.swift */; };
		773384F824B9174A00D05E8F /* AcquaintanceTVC.xib in Resources */ = {isa = PBXBuildFile; fileRef = 773384F624B9174A00D05E8F /* AcquaintanceTVC.xib */; };
		773384FC24B9D65A00D05E8F /* SocialVC + Constraints.swift in Sources */ = {isa = PBXBuildFile; fileRef = 773384FB24B9D65A00D05E8F /* SocialVC + Constraints.swift */; };
		774008B224C0DF2E001A6A84 /* welcome.gif in Resources */ = {isa = PBXBuildFile; fileRef = 774008B124C0DF2E001A6A84 /* welcome.gif */; };
		774008B424C0E278001A6A84 /* cat.gif in Resources */ = {isa = PBXBuildFile; fileRef = 774008B324C0E277001A6A84 /* cat.gif */; };
		7747FF6724BA04D3006F5738 /* Follow.swift in Sources */ = {isa = PBXBuildFile; fileRef = 7747FF6624BA04D3006F5738 /* Follow.swift */; };
		7754C98A24BCBCA0001F3A0F /* FollowService.swift in Sources */ = {isa = PBXBuildFile; fileRef = 7754C98924BCBCA0001F3A0F /* FollowService.swift */; };
		777B5C6D24B2698400B6514B /* BrowseCVCell + Constraint.swift in Sources */ = {isa = PBXBuildFile; fileRef = 777B5C6C24B2698400B6514B /* BrowseCVCell + Constraint.swift */; };
		777B5C6F24B273C000B6514B /* UpCarouselFlowLayout.swift in Sources */ = {isa = PBXBuildFile; fileRef = 777B5C6E24B273C000B6514B /* UpCarouselFlowLayout.swift */; };
		777C1E9924C1C11B005DA57B /* LimitAccountService.swift in Sources */ = {isa = PBXBuildFile; fileRef = 777C1E9824C1C11B005DA57B /* LimitAccountService.swift */; };
		777C1EA524C24B6C005DA57B /* OtherACService.swift in Sources */ = {isa = PBXBuildFile; fileRef = 777C1EA424C24B6C005DA57B /* OtherACService.swift */; };
		7792017524BE0BBE00DB0ACD /* SearchService.swift in Sources */ = {isa = PBXBuildFile; fileRef = 7792017424BE0BBE00DB0ACD /* SearchService.swift */; };
		7792017624BE0BDA00DB0ACD /* RecommendService.swift in Sources */ = {isa = PBXBuildFile; fileRef = 77DBD26F24BE0AB3003034D0 /* RecommendService.swift */; };
		7792017924BFBA2000DB0ACD /* ChangeAccountCVC.swift in Sources */ = {isa = PBXBuildFile; fileRef = 7792017724BFBA2000DB0ACD /* ChangeAccountCVC.swift */; };
		7792017A24BFBA2000DB0ACD /* ChangeAccountCVC.xib in Resources */ = {isa = PBXBuildFile; fileRef = 7792017824BFBA2000DB0ACD /* ChangeAccountCVC.xib */; };
		77DBD26C24BE0A9F003034D0 /* ReviewService.swift in Sources */ = {isa = PBXBuildFile; fileRef = 77DBD26B24BE0A9F003034D0 /* ReviewService.swift */; };
		7F7CE9BF24B7668000CB2476 /* FilterVC.swift in Sources */ = {isa = PBXBuildFile; fileRef = 7F7CE9BE24B7668000CB2476 /* FilterVC.swift */; };
		7FBCE81E24BF891600EFA5D2 /* FilterCVC.swift in Sources */ = {isa = PBXBuildFile; fileRef = 7FBCE81D24BF891600EFA5D2 /* FilterCVC.swift */; };
		7FBCE82024BF8CB800EFA5D2 /* Dry.swift in Sources */ = {isa = PBXBuildFile; fileRef = 7FBCE81F24BF8CB800EFA5D2 /* Dry.swift */; };
		7FBCE82224BF8CC700EFA5D2 /* Menu.swift in Sources */ = {isa = PBXBuildFile; fileRef = 7FBCE82124BF8CC700EFA5D2 /* Menu.swift */; };
		7FBCE82624BF8E6E00EFA5D2 /* Manufacture.swift in Sources */ = {isa = PBXBuildFile; fileRef = 7FBCE82524BF8E6E00EFA5D2 /* Manufacture.swift */; };
		7FBCE82824BF8EDB00EFA5D2 /* DryInfo.swift in Sources */ = {isa = PBXBuildFile; fileRef = 7FBCE82724BF8EDB00EFA5D2 /* DryInfo.swift */; };
		7FBCE82A24BF8EEE00EFA5D2 /* MenuInfo.swift in Sources */ = {isa = PBXBuildFile; fileRef = 7FBCE82924BF8EEE00EFA5D2 /* MenuInfo.swift */; };
		7FBCE82C24BF8F0700EFA5D2 /* ManufactureInfo.swift in Sources */ = {isa = PBXBuildFile; fileRef = 7FBCE82B24BF8F0700EFA5D2 /* ManufactureInfo.swift */; };
		7FBCE82E24C0B27F00EFA5D2 /* HeaderCell.swift in Sources */ = {isa = PBXBuildFile; fileRef = 7FBCE82D24C0B27F00EFA5D2 /* HeaderCell.swift */; };
		7FBCE83424C0DC6A00EFA5D2 /* DryCVC.swift in Sources */ = {isa = PBXBuildFile; fileRef = 7FBCE83324C0DC6A00EFA5D2 /* DryCVC.swift */; };
		7FBCE83624C0DC7B00EFA5D2 /* FoodCVC.swift in Sources */ = {isa = PBXBuildFile; fileRef = 7FBCE83524C0DC7B00EFA5D2 /* FoodCVC.swift */; };
		7FBCE83824C0DC8A00EFA5D2 /* ManuCVC.swift in Sources */ = {isa = PBXBuildFile; fileRef = 7FBCE83724C0DC8A00EFA5D2 /* ManuCVC.swift */; };
		7FBCE83C24C1A7BF00EFA5D2 /* ReviewTotalService.swift in Sources */ = {isa = PBXBuildFile; fileRef = 7FBCE83B24C1A7BF00EFA5D2 /* ReviewTotalService.swift */; };
		7FBCE83E24C24F6E00EFA5D2 /* ReviewPrefer.swift in Sources */ = {isa = PBXBuildFile; fileRef = 7FBCE83D24C24F6E00EFA5D2 /* ReviewPrefer.swift */; };
		7FBCE84024C24FE000EFA5D2 /* ReviewPreferService.swift in Sources */ = {isa = PBXBuildFile; fileRef = 7FBCE83F24C24FE000EFA5D2 /* ReviewPreferService.swift */; };
		7FBCE84224C2632D00EFA5D2 /* OtherAccount.swift in Sources */ = {isa = PBXBuildFile; fileRef = 7FBCE84124C2632D00EFA5D2 /* OtherAccount.swift */; };
		7FC9384E24AB1088002B0CA7 /* AppDelegate.swift in Sources */ = {isa = PBXBuildFile; fileRef = 7FC9384D24AB1088002B0CA7 /* AppDelegate.swift */; };
		7FC9385024AB1088002B0CA7 /* SceneDelegate.swift in Sources */ = {isa = PBXBuildFile; fileRef = 7FC9384F24AB1088002B0CA7 /* SceneDelegate.swift */; };
		7FC9385524AB1088002B0CA7 /* Main.storyboard in Resources */ = {isa = PBXBuildFile; fileRef = 7FC9385324AB1088002B0CA7 /* Main.storyboard */; };
		7FC9385724AB108A002B0CA7 /* Assets.xcassets in Resources */ = {isa = PBXBuildFile; fileRef = 7FC9385624AB108A002B0CA7 /* Assets.xcassets */; };
		7FC9385A24AB108A002B0CA7 /* LaunchScreen.storyboard in Resources */ = {isa = PBXBuildFile; fileRef = 7FC9385824AB108A002B0CA7 /* LaunchScreen.storyboard */; };
		7FD5B90D24B2DF71008D382F /* ReviewTableViewCell.swift in Sources */ = {isa = PBXBuildFile; fileRef = 7FD5B90B24B2DF71008D382F /* ReviewTableViewCell.swift */; };
		7FD5B90E24B2DF71008D382F /* ReviewTableViewCell.xib in Resources */ = {isa = PBXBuildFile; fileRef = 7FD5B90C24B2DF71008D382F /* ReviewTableViewCell.xib */; };
		7FD5B91F24B59DCA008D382F /* ProfileCell.swift in Sources */ = {isa = PBXBuildFile; fileRef = 7FD5B91E24B59DCA008D382F /* ProfileCell.swift */; };
		7FD5B92324B59E03008D382F /* HeaderCell.xib in Resources */ = {isa = PBXBuildFile; fileRef = 7FD5B92124B59E03008D382F /* HeaderCell.xib */; };
		7FE5EA4E24BA2481004CD853 /* SettingVC.swift in Sources */ = {isa = PBXBuildFile; fileRef = 7FE5EA4D24BA2481004CD853 /* SettingVC.swift */; };
		7FE5EA6224BA8B3A004CD853 /* FirstSettingTC.swift in Sources */ = {isa = PBXBuildFile; fileRef = 7FE5EA6124BA8B3A004CD853 /* FirstSettingTC.swift */; };
		7FE7BA5C24BD108700D57089 /* ProductDetailNVC.swift in Sources */ = {isa = PBXBuildFile; fileRef = 7FE7BA5B24BD108700D57089 /* ProductDetailNVC.swift */; };
		7FE7BA6124BDAAF800D57089 /* AccountVC.swift in Sources */ = {isa = PBXBuildFile; fileRef = 7FE7BA5D24BD1B0F00D57089 /* AccountVC.swift */; };
		7FF5158924BE23AF00B34544 /* EditProfile.swift in Sources */ = {isa = PBXBuildFile; fileRef = 7FF5158824BE23AF00B34544 /* EditProfile.swift */; };
		7FF5158B24BE357800B34544 /* UserReviews.swift in Sources */ = {isa = PBXBuildFile; fileRef = 7FF5158A24BE357800B34544 /* UserReviews.swift */; };
		7FF5158D24BE35AE00B34544 /* ContentService.swift in Sources */ = {isa = PBXBuildFile; fileRef = 7FF5158C24BE35AE00B34544 /* ContentService.swift */; };
		7FF5158F24BE46BC00B34544 /* MyProfile.swift in Sources */ = {isa = PBXBuildFile; fileRef = 7FF5158E24BE46BC00B34544 /* MyProfile.swift */; };
		7FF5159124BE47FC00B34544 /* MyProfileService.swift in Sources */ = {isa = PBXBuildFile; fileRef = 7FF5159024BE47FC00B34544 /* MyProfileService.swift */; };
		F20AA59424C0ACC9001FA520 /* FilteredCatProduct.swift in Sources */ = {isa = PBXBuildFile; fileRef = F20AA59324C0ACC9001FA520 /* FilteredCatProduct.swift */; };
		F20AA59624C0DFF7001FA520 /* AddReview.swift in Sources */ = {isa = PBXBuildFile; fileRef = F20AA59524C0DFF7001FA520 /* AddReview.swift */; };
		F20AA59924C1DD24001FA520 /* ReviewUpdateService.swift in Sources */ = {isa = PBXBuildFile; fileRef = F20AA59124BF9300001FA520 /* ReviewUpdateService.swift */; };
		F23316A524BCBE2400BA6023 /* ReviewData.swift in Sources */ = {isa = PBXBuildFile; fileRef = F23316A424BCBE2400BA6023 /* ReviewData.swift */; };
		F248FD3F24B4727A0055D753 /* Product.swift in Sources */ = {isa = PBXBuildFile; fileRef = F248FD3E24B4727A0055D753 /* Product.swift */; };
		F248FD4024B4EB030055D753 /* HomeVC.swift in Sources */ = {isa = PBXBuildFile; fileRef = 7FD5B91724B466E8008D382F /* HomeVC.swift */; };
		F248FD4224B7A8F30055D753 /* UIScroll+Extension.swift in Sources */ = {isa = PBXBuildFile; fileRef = F248FD4124B7A8F30055D753 /* UIScroll+Extension.swift */; };
		F24A0F7A24C217BF004CC476 /* PostModel.swift in Sources */ = {isa = PBXBuildFile; fileRef = F24A0F7924C217BF004CC476 /* PostModel.swift */; };
		F2940AD624B2548D003C3047 /* SearchVC.swift in Sources */ = {isa = PBXBuildFile; fileRef = F2940AD524B2548D003C3047 /* SearchVC.swift */; };
		F2940ADA24B2F180003C3047 /* PostSC.xib in Resources */ = {isa = PBXBuildFile; fileRef = F2940AD924B2F180003C3047 /* PostSC.xib */; };
		F2940ADE24B2F462003C3047 /* PostSC.swift in Sources */ = {isa = PBXBuildFile; fileRef = F2940ADD24B2F462003C3047 /* PostSC.swift */; };
		F29B7CCA24B364D00042089B /* PostNavVC.swift in Sources */ = {isa = PBXBuildFile; fileRef = F29B7CC924B364D00042089B /* PostNavVC.swift */; };
		F29B7CCC24B449AC0042089B /* SearchCollectVC.swift in Sources */ = {isa = PBXBuildFile; fileRef = F29B7CCB24B449AC0042089B /* SearchCollectVC.swift */; };
		F29B7CCE24B450F40042089B /* SearchCollectCell.swift in Sources */ = {isa = PBXBuildFile; fileRef = F29B7CCD24B450F40042089B /* SearchCollectCell.swift */; };
		F6389F4E06978797883A73B6 /* Pods_Ounce.framework in Frameworks */ = {isa = PBXBuildFile; fileRef = 9072743E170CFC1B996F65E9 /* Pods_Ounce.framework */; };
/* End PBXBuildFile section */

/* Begin PBXFileReference section */
		05423A96C27836670EC1ED86 /* Pods-Ounce.release.xcconfig */ = {isa = PBXFileReference; includeInIndex = 1; lastKnownFileType = text.xcconfig; name = "Pods-Ounce.release.xcconfig"; path = "Target Support Files/Pods-Ounce/Pods-Ounce.release.xcconfig"; sourceTree = "<group>"; };
		1E6D581E26C8D14A0B0C0DAC /* Pods-Ounce.debug.xcconfig */ = {isa = PBXFileReference; includeInIndex = 1; lastKnownFileType = text.xcconfig; name = "Pods-Ounce.debug.xcconfig"; path = "Target Support Files/Pods-Ounce/Pods-Ounce.debug.xcconfig"; sourceTree = "<group>"; };
		5E039CAA24AFFDA0009B1BC6 /* PasswordVC.swift */ = {isa = PBXFileReference; lastKnownFileType = sourcecode.swift; path = PasswordVC.swift; sourceTree = "<group>"; };
		5E039CAC24AFFDAE009B1BC6 /* EmailVC.swift */ = {isa = PBXFileReference; lastKnownFileType = sourcecode.swift; path = EmailVC.swift; sourceTree = "<group>"; };
		5E039CAE24AFFDBE009B1BC6 /* IDVC.swift */ = {isa = PBXFileReference; lastKnownFileType = sourcecode.swift; path = IDVC.swift; sourceTree = "<group>"; };
		5E039CB024AFFE9D009B1BC6 /* LoginVC+Constraint.swift */ = {isa = PBXFileReference; lastKnownFileType = sourcecode.swift; path = "LoginVC+Constraint.swift"; sourceTree = "<group>"; };
		5E039CB224AFFEAB009B1BC6 /* EmailVC+Constraint.swift */ = {isa = PBXFileReference; lastKnownFileType = sourcecode.swift; path = "EmailVC+Constraint.swift"; sourceTree = "<group>"; };
		5E039CB424AFFEBD009B1BC6 /* IDVC+Constraint.swift */ = {isa = PBXFileReference; lastKnownFileType = sourcecode.swift; path = "IDVC+Constraint.swift"; sourceTree = "<group>"; };
		5E039CB624AFFECF009B1BC6 /* Password+Constraint.swift */ = {isa = PBXFileReference; lastKnownFileType = sourcecode.swift; path = "Password+Constraint.swift"; sourceTree = "<group>"; };
		5E075D3124B0ABF30035C415 /* NotoSansKR-Medium.otf */ = {isa = PBXFileReference; lastKnownFileType = file; path = "NotoSansKR-Medium.otf"; sourceTree = "<group>"; };
		5E075D3224B0ABF40035C415 /* NotoSansKR-Thin.otf */ = {isa = PBXFileReference; lastKnownFileType = file; path = "NotoSansKR-Thin.otf"; sourceTree = "<group>"; };
		5E075D3324B0ABF40035C415 /* NotoSansKR-Light.otf */ = {isa = PBXFileReference; lastKnownFileType = file; path = "NotoSansKR-Light.otf"; sourceTree = "<group>"; };
		5E075D3424B0ABF50035C415 /* NotoSansKR-Bold.otf */ = {isa = PBXFileReference; lastKnownFileType = file; path = "NotoSansKR-Bold.otf"; sourceTree = "<group>"; };
		5E075D3524B0ABF60035C415 /* OFL.txt */ = {isa = PBXFileReference; fileEncoding = 4; lastKnownFileType = text; path = OFL.txt; sourceTree = "<group>"; };
		5E075D3624B0ABF60035C415 /* NotoSansKR-Black.otf */ = {isa = PBXFileReference; lastKnownFileType = file; path = "NotoSansKR-Black.otf"; sourceTree = "<group>"; };
		5E075D3724B0ABF70035C415 /* NotoSansKR-Regular.otf */ = {isa = PBXFileReference; lastKnownFileType = file; path = "NotoSansKR-Regular.otf"; sourceTree = "<group>"; };
		5E112F8724BF006F00F4B1AC /* Ounce.xcdatamodel */ = {isa = PBXFileReference; lastKnownFileType = wrapper.xcdatamodel; path = Ounce.xcdatamodel; sourceTree = "<group>"; };
		5E112F8B24BF025D00F4B1AC /* SearchTVCell.swift */ = {isa = PBXFileReference; lastKnownFileType = sourcecode.swift; path = SearchTVCell.swift; sourceTree = "<group>"; };
		5E112F8C24BF025D00F4B1AC /* SearchTVCell.xib */ = {isa = PBXFileReference; lastKnownFileType = file.xib; path = SearchTVCell.xib; sourceTree = "<group>"; };
		5E179B0724BCC1DA0061A498 /* Token.swift */ = {isa = PBXFileReference; lastKnownFileType = sourcecode.swift; path = Token.swift; sourceTree = "<group>"; };
		5E179B1324BDBD6F0061A498 /* CatProduct.swift */ = {isa = PBXFileReference; fileEncoding = 4; lastKnownFileType = sourcecode.swift; path = CatProduct.swift; sourceTree = "<group>"; };
		5E179B1424BDBD700061A498 /* Recommend.swift */ = {isa = PBXFileReference; fileEncoding = 4; lastKnownFileType = sourcecode.swift; path = Recommend.swift; sourceTree = "<group>"; };
		5E179B1724BDBE390061A498 /* User.swift */ = {isa = PBXFileReference; fileEncoding = 4; lastKnownFileType = sourcecode.swift; path = User.swift; sourceTree = "<group>"; };
		5E1ACDF524C1E8ED00EE7806 /* SplashVC.swift */ = {isa = PBXFileReference; lastKnownFileType = sourcecode.swift; path = SplashVC.swift; sourceTree = "<group>"; };
		5E2204BE24C259130021A9AC /* OtherAccount.swift */ = {isa = PBXFileReference; fileEncoding = 4; lastKnownFileType = sourcecode.swift; path = OtherAccount.swift; sourceTree = "<group>"; };
		5E2C33F824B44E1A001F0FB4 /* SignUpCompleteVC.swift */ = {isa = PBXFileReference; lastKnownFileType = sourcecode.swift; path = SignUpCompleteVC.swift; sourceTree = "<group>"; };
		5E35794B24AE37B300043066 /* UIViewController+Extension.swift */ = {isa = PBXFileReference; lastKnownFileType = sourcecode.swift; path = "UIViewController+Extension.swift"; sourceTree = "<group>"; };
		5E35794D24AE37D400043066 /* UIColor+Extension.swift */ = {isa = PBXFileReference; lastKnownFileType = sourcecode.swift; path = "UIColor+Extension.swift"; sourceTree = "<group>"; };
		5E35794F24AE385500043066 /* UITextView+Extension.swift */ = {isa = PBXFileReference; lastKnownFileType = sourcecode.swift; path = "UITextView+Extension.swift"; sourceTree = "<group>"; };
		5E35795124AE38A900043066 /* UIButton+Extension.swift */ = {isa = PBXFileReference; lastKnownFileType = sourcecode.swift; path = "UIButton+Extension.swift"; sourceTree = "<group>"; };
		5E35795324AE38BE00043066 /* UIImageView+Extension.swift */ = {isa = PBXFileReference; lastKnownFileType = sourcecode.swift; path = "UIImageView+Extension.swift"; sourceTree = "<group>"; };
		5E35795524AE38D100043066 /* Date+Extension.swift */ = {isa = PBXFileReference; lastKnownFileType = sourcecode.swift; path = "Date+Extension.swift"; sourceTree = "<group>"; };
		5E35795724AE38E900043066 /* UITableView+Extension.swift */ = {isa = PBXFileReference; lastKnownFileType = sourcecode.swift; path = "UITableView+Extension.swift"; sourceTree = "<group>"; };
		5E35795924AE38FC00043066 /* String+Extension.swift */ = {isa = PBXFileReference; lastKnownFileType = sourcecode.swift; path = "String+Extension.swift"; sourceTree = "<group>"; };
		5E35795B24AE391500043066 /* UITabBar+Extension.swift */ = {isa = PBXFileReference; lastKnownFileType = sourcecode.swift; path = "UITabBar+Extension.swift"; sourceTree = "<group>"; };
		5E40C5F024BF49B50023B8E6 /* Default-568h@2x.png */ = {isa = PBXFileReference; lastKnownFileType = image.png; path = "Default-568h@2x.png"; sourceTree = "<group>"; };
		5E48BF1924B1D7750060EA7B /* BrowseVC.swift */ = {isa = PBXFileReference; lastKnownFileType = sourcecode.swift; path = BrowseVC.swift; sourceTree = "<group>"; };
		5E48BF1B24B1D77D0060EA7B /* Browse.storyboard */ = {isa = PBXFileReference; lastKnownFileType = file.storyboard; path = Browse.storyboard; sourceTree = "<group>"; };
		5E48BF1D24B1D79D0060EA7B /* BrowseCVCell.swift */ = {isa = PBXFileReference; lastKnownFileType = sourcecode.swift; path = BrowseCVCell.swift; sourceTree = "<group>"; };
		5E48BF1E24B1D79D0060EA7B /* BrowseCVCell.xib */ = {isa = PBXFileReference; lastKnownFileType = file.xib; path = BrowseCVCell.xib; sourceTree = "<group>"; };
		5E48BF2124B1D7BB0060EA7B /* PostVC.swift */ = {isa = PBXFileReference; lastKnownFileType = sourcecode.swift; path = PostVC.swift; sourceTree = "<group>"; };
		5E48BF2324B1D7C20060EA7B /* Post.storyboard */ = {isa = PBXFileReference; lastKnownFileType = file.storyboard; path = Post.storyboard; sourceTree = "<group>"; };
		5E48BF2524B1D7DA0060EA7B /* PostCVCell.swift */ = {isa = PBXFileReference; lastKnownFileType = sourcecode.swift; path = PostCVCell.swift; sourceTree = "<group>"; };
		5E48BF2624B1D7DA0060EA7B /* PostCVCell.xib */ = {isa = PBXFileReference; lastKnownFileType = file.xib; path = PostCVCell.xib; sourceTree = "<group>"; };
		5E48BF2924B1ED810060EA7B /* CustomTabBar.swift */ = {isa = PBXFileReference; lastKnownFileType = sourcecode.swift; path = CustomTabBar.swift; sourceTree = "<group>"; };
		5E580D0E24C1E22700878126 /* ReviewTotal.swift */ = {isa = PBXFileReference; fileEncoding = 4; lastKnownFileType = sourcecode.swift; path = ReviewTotal.swift; sourceTree = "<group>"; };
		5E5A439F24B23DED0017BA29 /* CALayer+Extension.swift */ = {isa = PBXFileReference; lastKnownFileType = sourcecode.swift; path = "CALayer+Extension.swift"; sourceTree = "<group>"; };
		5E5C668624B5AF4C007C35E6 /* RegisterNavVC.swift */ = {isa = PBXFileReference; lastKnownFileType = sourcecode.swift; path = RegisterNavVC.swift; sourceTree = "<group>"; };
		5E69E88924AC672D005D4DC1 /* ReferenceVC.swift */ = {isa = PBXFileReference; lastKnownFileType = sourcecode.swift; path = ReferenceVC.swift; sourceTree = "<group>"; };
		5E69E88C24AC673E005D4DC1 /* Reference.storyboard */ = {isa = PBXFileReference; lastKnownFileType = file.storyboard; path = Reference.storyboard; sourceTree = "<group>"; };
		5E69E88F24AC6769005D4DC1 /* ReferenceCVCell.swift */ = {isa = PBXFileReference; lastKnownFileType = sourcecode.swift; path = ReferenceCVCell.swift; sourceTree = "<group>"; };
		5E69E89024AC6769005D4DC1 /* ReferenceCVCell.xib */ = {isa = PBXFileReference; lastKnownFileType = file.xib; path = ReferenceCVCell.xib; sourceTree = "<group>"; };
		5E69E89524AC6833005D4DC1 /* Font+Enum.swift */ = {isa = PBXFileReference; lastKnownFileType = sourcecode.swift; path = "Font+Enum.swift"; sourceTree = "<group>"; };
		5E69E89724AC685C005D4DC1 /* UIView+Extension.swift */ = {isa = PBXFileReference; lastKnownFileType = sourcecode.swift; path = "UIView+Extension.swift"; sourceTree = "<group>"; };
		5E69E89924AC689C005D4DC1 /* APIConstants.swift */ = {isa = PBXFileReference; lastKnownFileType = sourcecode.swift; path = APIConstants.swift; sourceTree = "<group>"; };
		5E69E8A124AC6BF7005D4DC1 /* MainCell.swift */ = {isa = PBXFileReference; lastKnownFileType = sourcecode.swift; path = MainCell.swift; sourceTree = "<group>"; };
		5E69E8A324AC6C61005D4DC1 /* LoginVC.swift */ = {isa = PBXFileReference; lastKnownFileType = sourcecode.swift; path = LoginVC.swift; sourceTree = "<group>"; };
		5E69E8A524AC6C97005D4DC1 /* Login.storyboard */ = {isa = PBXFileReference; lastKnownFileType = file.storyboard; path = Login.storyboard; sourceTree = "<group>"; };
		5E69E8A724AC6CA1005D4DC1 /* LoginCell.swift */ = {isa = PBXFileReference; lastKnownFileType = sourcecode.swift; path = LoginCell.swift; sourceTree = "<group>"; };
		5E71ACCD24C0E08400EFC3EA /* OtherProfile.swift */ = {isa = PBXFileReference; lastKnownFileType = sourcecode.swift; path = OtherProfile.swift; sourceTree = "<group>"; };
		5E76F71824C29431008D9D37 /* Splash.gif */ = {isa = PBXFileReference; lastKnownFileType = image.gif; path = Splash.gif; sourceTree = "<group>"; };
		5E87D84924BE2A4400E10A8C /* SortingListVC.swift */ = {isa = PBXFileReference; lastKnownFileType = sourcecode.swift; path = SortingListVC.swift; sourceTree = "<group>"; };
		5E9236F924B4387B00378C8C /* RegisterDetailVC.swift */ = {isa = PBXFileReference; lastKnownFileType = sourcecode.swift; path = RegisterDetailVC.swift; sourceTree = "<group>"; };
		5E9E4A6724C1F1AC00F92D50 /* Screen.gif */ = {isa = PBXFileReference; lastKnownFileType = image.gif; path = Screen.gif; sourceTree = "<group>"; };
		5E9E4A6924C1F55000F92D50 /* LogoAnimationView.swift */ = {isa = PBXFileReference; lastKnownFileType = sourcecode.swift; path = LogoAnimationView.swift; sourceTree = "<group>"; };
		5EA0B01424B1D1A40051C352 /* TBC.swift */ = {isa = PBXFileReference; lastKnownFileType = sourcecode.swift; path = TBC.swift; sourceTree = "<group>"; };
		5EA0B01624B1D1AC0051C352 /* TabBar.storyboard */ = {isa = PBXFileReference; lastKnownFileType = file.storyboard; path = TabBar.storyboard; sourceTree = "<group>"; };
		5EA7C45824B8E92400EB95EA /* BrowseSearchVC.swift */ = {isa = PBXFileReference; lastKnownFileType = sourcecode.swift; path = BrowseSearchVC.swift; sourceTree = "<group>"; };
		5EA7C45C24B8EAA100EB95EA /* BrowseTabCVCell.swift */ = {isa = PBXFileReference; lastKnownFileType = sourcecode.swift; path = BrowseTabCVCell.swift; sourceTree = "<group>"; };
		5EA7C45E24B8EAAD00EB95EA /* BrowsePageCVCell.swift */ = {isa = PBXFileReference; lastKnownFileType = sourcecode.swift; path = BrowsePageCVCell.swift; sourceTree = "<group>"; };
		5EA7C46024B8EE5B00EB95EA /* BrowseUserTVCell.swift */ = {isa = PBXFileReference; lastKnownFileType = sourcecode.swift; path = BrowseUserTVCell.swift; sourceTree = "<group>"; };
		5EA7C46224B8EE7400EB95EA /* BrowseProductTVCell.swift */ = {isa = PBXFileReference; lastKnownFileType = sourcecode.swift; path = BrowseProductTVCell.swift; sourceTree = "<group>"; };
		5EA7C46424B8F17D00EB95EA /* BrowseSearchVC+Constraint.swift */ = {isa = PBXFileReference; lastKnownFileType = sourcecode.swift; path = "BrowseSearchVC+Constraint.swift"; sourceTree = "<group>"; };
		5EA889FE24B3BEE300C4CEC4 /* RegisterVC.swift */ = {isa = PBXFileReference; lastKnownFileType = sourcecode.swift; path = RegisterVC.swift; sourceTree = "<group>"; };
		5EA88A0024B3BEF600C4CEC4 /* Register.storyboard */ = {isa = PBXFileReference; lastKnownFileType = file.storyboard; path = Register.storyboard; sourceTree = "<group>"; };
		5EB8B7F924C1F88200C238DB /* LoginNVC.swift */ = {isa = PBXFileReference; lastKnownFileType = sourcecode.swift; path = LoginNVC.swift; sourceTree = "<group>"; };
		5EBA555024C1E31C002CC6D1 /* DetailReview.swift */ = {isa = PBXFileReference; fileEncoding = 4; lastKnownFileType = sourcecode.swift; path = DetailReview.swift; sourceTree = "<group>"; };
		5EBA555224C1E32B002CC6D1 /* LimitAccount.swift */ = {isa = PBXFileReference; fileEncoding = 4; lastKnownFileType = sourcecode.swift; path = LimitAccount.swift; sourceTree = "<group>"; };
		5EBB76FA24C26E010051A255 /* CategoryService.swift */ = {isa = PBXFileReference; lastKnownFileType = sourcecode.swift; path = CategoryService.swift; sourceTree = "<group>"; };
		5EBB76FE24C2793C0051A255 /* spla.gif */ = {isa = PBXFileReference; lastKnownFileType = image.gif; path = spla.gif; sourceTree = "<group>"; };
		5EC8D3AE24BF90DE00C4813B /* OtherProfileTVCell.swift */ = {isa = PBXFileReference; lastKnownFileType = sourcecode.swift; path = OtherProfileTVCell.swift; sourceTree = "<group>"; };
		5ED22C7E24C061C700F311F9 /* Review.swift */ = {isa = PBXFileReference; lastKnownFileType = sourcecode.swift; path = Review.swift; sourceTree = "<group>"; };
		5EFD2DBF24BAFE140054B357 /* ProductDetail.storyboard */ = {isa = PBXFileReference; lastKnownFileType = file.storyboard; path = ProductDetail.storyboard; sourceTree = "<group>"; };
		5EFD2DC124BAFE300054B357 /* ProductDetailVC.swift */ = {isa = PBXFileReference; lastKnownFileType = sourcecode.swift; path = ProductDetailVC.swift; sourceTree = "<group>"; };
		5EFD2DC324BB006A0054B357 /* ProductDetail+Constraint.swift */ = {isa = PBXFileReference; lastKnownFileType = sourcecode.swift; path = "ProductDetail+Constraint.swift"; sourceTree = "<group>"; };
		5EFD2DC524BB01070054B357 /* ProductDetailTVCell.swift */ = {isa = PBXFileReference; lastKnownFileType = sourcecode.swift; path = ProductDetailTVCell.swift; sourceTree = "<group>"; };
		5EFD2DC824BC66100054B357 /* NetworkResult.swift */ = {isa = PBXFileReference; lastKnownFileType = sourcecode.swift; path = NetworkResult.swift; sourceTree = "<group>"; };
		5EFD2DCA24BC68290054B357 /* ResponseResult.swift */ = {isa = PBXFileReference; lastKnownFileType = sourcecode.swift; path = ResponseResult.swift; sourceTree = "<group>"; };
		5EFD2DCC24BC69CC0054B357 /* UserService.swift */ = {isa = PBXFileReference; lastKnownFileType = sourcecode.swift; path = UserService.swift; sourceTree = "<group>"; };
		5EFD2DCE24BC6E430054B357 /* SignIn.swift */ = {isa = PBXFileReference; lastKnownFileType = sourcecode.swift; path = SignIn.swift; sourceTree = "<group>"; };
		773384C524B791C400D05E8F /* Social.storyboard */ = {isa = PBXFileReference; lastKnownFileType = file.storyboard; path = Social.storyboard; sourceTree = "<group>"; };
		773384EB24B8E91200D05E8F /* SocialVC.swift */ = {isa = PBXFileReference; lastKnownFileType = sourcecode.swift; path = SocialVC.swift; sourceTree = "<group>"; };
		773384ED24B8EAF200D05E8F /* TabCVC.swift */ = {isa = PBXFileReference; lastKnownFileType = sourcecode.swift; path = TabCVC.swift; sourceTree = "<group>"; };
		773384EE24B8EAF200D05E8F /* TabCVC.xib */ = {isa = PBXFileReference; lastKnownFileType = file.xib; path = TabCVC.xib; sourceTree = "<group>"; };
		773384F124B8EE6B00D05E8F /* PageCVC.swift */ = {isa = PBXFileReference; lastKnownFileType = sourcecode.swift; path = PageCVC.swift; sourceTree = "<group>"; };
		773384F224B8EE6B00D05E8F /* PageCVC.xib */ = {isa = PBXFileReference; lastKnownFileType = file.xib; path = PageCVC.xib; sourceTree = "<group>"; };
		773384F524B9174A00D05E8F /* AcquaintanceTVC.swift */ = {isa = PBXFileReference; lastKnownFileType = sourcecode.swift; path = AcquaintanceTVC.swift; sourceTree = "<group>"; };
		773384F624B9174A00D05E8F /* AcquaintanceTVC.xib */ = {isa = PBXFileReference; lastKnownFileType = file.xib; path = AcquaintanceTVC.xib; sourceTree = "<group>"; };
		773384FB24B9D65A00D05E8F /* SocialVC + Constraints.swift */ = {isa = PBXFileReference; lastKnownFileType = sourcecode.swift; path = "SocialVC + Constraints.swift"; sourceTree = "<group>"; };
		774008B124C0DF2E001A6A84 /* welcome.gif */ = {isa = PBXFileReference; lastKnownFileType = image.gif; path = welcome.gif; sourceTree = "<group>"; };
		774008B324C0E277001A6A84 /* cat.gif */ = {isa = PBXFileReference; lastKnownFileType = image.gif; path = cat.gif; sourceTree = "<group>"; };
		7747FF6624BA04D3006F5738 /* Follow.swift */ = {isa = PBXFileReference; lastKnownFileType = sourcecode.swift; path = Follow.swift; sourceTree = "<group>"; };
		7754C98924BCBCA0001F3A0F /* FollowService.swift */ = {isa = PBXFileReference; lastKnownFileType = sourcecode.swift; path = FollowService.swift; sourceTree = "<group>"; };
		777B5C6C24B2698400B6514B /* BrowseCVCell + Constraint.swift */ = {isa = PBXFileReference; lastKnownFileType = sourcecode.swift; path = "BrowseCVCell + Constraint.swift"; sourceTree = "<group>"; };
		777B5C6E24B273C000B6514B /* UpCarouselFlowLayout.swift */ = {isa = PBXFileReference; lastKnownFileType = sourcecode.swift; path = UpCarouselFlowLayout.swift; sourceTree = "<group>"; };
		777C1E9824C1C11B005DA57B /* LimitAccountService.swift */ = {isa = PBXFileReference; lastKnownFileType = sourcecode.swift; path = LimitAccountService.swift; sourceTree = "<group>"; };
		777C1EA424C24B6C005DA57B /* OtherACService.swift */ = {isa = PBXFileReference; lastKnownFileType = sourcecode.swift; path = OtherACService.swift; sourceTree = "<group>"; };
		7792017424BE0BBE00DB0ACD /* SearchService.swift */ = {isa = PBXFileReference; fileEncoding = 4; lastKnownFileType = sourcecode.swift; path = SearchService.swift; sourceTree = "<group>"; };
		7792017724BFBA2000DB0ACD /* ChangeAccountCVC.swift */ = {isa = PBXFileReference; lastKnownFileType = sourcecode.swift; path = ChangeAccountCVC.swift; sourceTree = "<group>"; };
		7792017824BFBA2000DB0ACD /* ChangeAccountCVC.xib */ = {isa = PBXFileReference; lastKnownFileType = file.xib; path = ChangeAccountCVC.xib; sourceTree = "<group>"; };
		77DBD26B24BE0A9F003034D0 /* ReviewService.swift */ = {isa = PBXFileReference; fileEncoding = 4; lastKnownFileType = sourcecode.swift; path = ReviewService.swift; sourceTree = "<group>"; };
		77DBD26F24BE0AB3003034D0 /* RecommendService.swift */ = {isa = PBXFileReference; lastKnownFileType = sourcecode.swift; path = RecommendService.swift; sourceTree = "<group>"; };
		7F7CE9BE24B7668000CB2476 /* FilterVC.swift */ = {isa = PBXFileReference; lastKnownFileType = sourcecode.swift; path = FilterVC.swift; sourceTree = "<group>"; };
		7F7CE9C024B898E100CB2476 /* SortingVC.swift */ = {isa = PBXFileReference; lastKnownFileType = sourcecode.swift; path = SortingVC.swift; sourceTree = "<group>"; };
		7FBCE81D24BF891600EFA5D2 /* FilterCVC.swift */ = {isa = PBXFileReference; lastKnownFileType = sourcecode.swift; path = FilterCVC.swift; sourceTree = "<group>"; };
		7FBCE81F24BF8CB800EFA5D2 /* Dry.swift */ = {isa = PBXFileReference; lastKnownFileType = sourcecode.swift; path = Dry.swift; sourceTree = "<group>"; };
		7FBCE82124BF8CC700EFA5D2 /* Menu.swift */ = {isa = PBXFileReference; lastKnownFileType = sourcecode.swift; path = Menu.swift; sourceTree = "<group>"; };
		7FBCE82524BF8E6E00EFA5D2 /* Manufacture.swift */ = {isa = PBXFileReference; lastKnownFileType = sourcecode.swift; path = Manufacture.swift; sourceTree = "<group>"; };
		7FBCE82724BF8EDB00EFA5D2 /* DryInfo.swift */ = {isa = PBXFileReference; lastKnownFileType = sourcecode.swift; path = DryInfo.swift; sourceTree = "<group>"; };
		7FBCE82924BF8EEE00EFA5D2 /* MenuInfo.swift */ = {isa = PBXFileReference; lastKnownFileType = sourcecode.swift; path = MenuInfo.swift; sourceTree = "<group>"; };
		7FBCE82B24BF8F0700EFA5D2 /* ManufactureInfo.swift */ = {isa = PBXFileReference; lastKnownFileType = sourcecode.swift; path = ManufactureInfo.swift; sourceTree = "<group>"; };
		7FBCE82D24C0B27F00EFA5D2 /* HeaderCell.swift */ = {isa = PBXFileReference; lastKnownFileType = sourcecode.swift; path = HeaderCell.swift; sourceTree = "<group>"; };
		7FBCE83324C0DC6A00EFA5D2 /* DryCVC.swift */ = {isa = PBXFileReference; lastKnownFileType = sourcecode.swift; path = DryCVC.swift; sourceTree = "<group>"; };
		7FBCE83524C0DC7B00EFA5D2 /* FoodCVC.swift */ = {isa = PBXFileReference; lastKnownFileType = sourcecode.swift; path = FoodCVC.swift; sourceTree = "<group>"; };
		7FBCE83724C0DC8A00EFA5D2 /* ManuCVC.swift */ = {isa = PBXFileReference; lastKnownFileType = sourcecode.swift; path = ManuCVC.swift; sourceTree = "<group>"; };
		7FBCE83B24C1A7BF00EFA5D2 /* ReviewTotalService.swift */ = {isa = PBXFileReference; lastKnownFileType = sourcecode.swift; path = ReviewTotalService.swift; sourceTree = "<group>"; };
		7FBCE83D24C24F6E00EFA5D2 /* ReviewPrefer.swift */ = {isa = PBXFileReference; lastKnownFileType = sourcecode.swift; path = ReviewPrefer.swift; sourceTree = "<group>"; };
		7FBCE83F24C24FE000EFA5D2 /* ReviewPreferService.swift */ = {isa = PBXFileReference; lastKnownFileType = sourcecode.swift; path = ReviewPreferService.swift; sourceTree = "<group>"; };
		7FBCE84124C2632D00EFA5D2 /* OtherAccount.swift */ = {isa = PBXFileReference; fileEncoding = 4; lastKnownFileType = sourcecode.swift; path = OtherAccount.swift; sourceTree = "<group>"; };
		7FC9384A24AB1088002B0CA7 /* Ounce.app */ = {isa = PBXFileReference; explicitFileType = wrapper.application; includeInIndex = 0; path = Ounce.app; sourceTree = BUILT_PRODUCTS_DIR; };
		7FC9384D24AB1088002B0CA7 /* AppDelegate.swift */ = {isa = PBXFileReference; lastKnownFileType = sourcecode.swift; path = AppDelegate.swift; sourceTree = "<group>"; };
		7FC9384F24AB1088002B0CA7 /* SceneDelegate.swift */ = {isa = PBXFileReference; lastKnownFileType = sourcecode.swift; path = SceneDelegate.swift; sourceTree = "<group>"; };
		7FC9385424AB1088002B0CA7 /* Base */ = {isa = PBXFileReference; lastKnownFileType = file.storyboard; name = Base; path = Base.lproj/Main.storyboard; sourceTree = "<group>"; };
		7FC9385624AB108A002B0CA7 /* Assets.xcassets */ = {isa = PBXFileReference; lastKnownFileType = folder.assetcatalog; path = Assets.xcassets; sourceTree = "<group>"; };
		7FC9385924AB108A002B0CA7 /* Base */ = {isa = PBXFileReference; lastKnownFileType = file.storyboard; name = Base; path = Base.lproj/LaunchScreen.storyboard; sourceTree = "<group>"; };
		7FC9385B24AB108A002B0CA7 /* Info.plist */ = {isa = PBXFileReference; lastKnownFileType = text.plist.xml; path = Info.plist; sourceTree = "<group>"; };
		7FD5B90B24B2DF71008D382F /* ReviewTableViewCell.swift */ = {isa = PBXFileReference; lastKnownFileType = sourcecode.swift; path = ReviewTableViewCell.swift; sourceTree = "<group>"; };
		7FD5B90C24B2DF71008D382F /* ReviewTableViewCell.xib */ = {isa = PBXFileReference; lastKnownFileType = file.xib; path = ReviewTableViewCell.xib; sourceTree = "<group>"; };
		7FD5B91724B466E8008D382F /* HomeVC.swift */ = {isa = PBXFileReference; lastKnownFileType = sourcecode.swift; name = HomeVC.swift; path = Ounce/Secene/Main/Stroyboards/HomeVC.swift; sourceTree = SOURCE_ROOT; };
		7FD5B91E24B59DCA008D382F /* ProfileCell.swift */ = {isa = PBXFileReference; lastKnownFileType = sourcecode.swift; path = ProfileCell.swift; sourceTree = "<group>"; };
		7FD5B92124B59E03008D382F /* HeaderCell.xib */ = {isa = PBXFileReference; lastKnownFileType = file.xib; path = HeaderCell.xib; sourceTree = "<group>"; };
		7FE5EA4D24BA2481004CD853 /* SettingVC.swift */ = {isa = PBXFileReference; lastKnownFileType = sourcecode.swift; path = SettingVC.swift; sourceTree = "<group>"; };
		7FE5EA6124BA8B3A004CD853 /* FirstSettingTC.swift */ = {isa = PBXFileReference; lastKnownFileType = sourcecode.swift; path = FirstSettingTC.swift; sourceTree = "<group>"; };
		7FE7BA5424BB49B000D57089 /* MainNaviVC.swift */ = {isa = PBXFileReference; lastKnownFileType = sourcecode.swift; path = MainNaviVC.swift; sourceTree = "<group>"; };
		7FE7BA5924BCD6E300D57089 /* SortingCell.swift */ = {isa = PBXFileReference; lastKnownFileType = sourcecode.swift; path = SortingCell.swift; sourceTree = "<group>"; };
		7FE7BA5B24BD108700D57089 /* ProductDetailNVC.swift */ = {isa = PBXFileReference; lastKnownFileType = sourcecode.swift; path = ProductDetailNVC.swift; sourceTree = "<group>"; };
		7FE7BA5D24BD1B0F00D57089 /* AccountVC.swift */ = {isa = PBXFileReference; lastKnownFileType = sourcecode.swift; name = AccountVC.swift; path = Ounce/Secene/Main/Stroyboards/AccountVC.swift; sourceTree = SOURCE_ROOT; };
		7FE7BA5F24BDA8B800D57089 /* SocialNVC.swift */ = {isa = PBXFileReference; lastKnownFileType = sourcecode.swift; path = SocialNVC.swift; sourceTree = "<group>"; };
		7FF5158824BE23AF00B34544 /* EditProfile.swift */ = {isa = PBXFileReference; lastKnownFileType = sourcecode.swift; path = EditProfile.swift; sourceTree = "<group>"; };
		7FF5158A24BE357800B34544 /* UserReviews.swift */ = {isa = PBXFileReference; lastKnownFileType = sourcecode.swift; path = UserReviews.swift; sourceTree = "<group>"; };
		7FF5158C24BE35AE00B34544 /* ContentService.swift */ = {isa = PBXFileReference; lastKnownFileType = sourcecode.swift; path = ContentService.swift; sourceTree = "<group>"; };
		7FF5158E24BE46BC00B34544 /* MyProfile.swift */ = {isa = PBXFileReference; lastKnownFileType = sourcecode.swift; path = MyProfile.swift; sourceTree = "<group>"; };
		7FF5159024BE47FC00B34544 /* MyProfileService.swift */ = {isa = PBXFileReference; lastKnownFileType = sourcecode.swift; path = MyProfileService.swift; sourceTree = "<group>"; };
		9072743E170CFC1B996F65E9 /* Pods_Ounce.framework */ = {isa = PBXFileReference; explicitFileType = wrapper.framework; includeInIndex = 0; path = Pods_Ounce.framework; sourceTree = BUILT_PRODUCTS_DIR; };
		F20AA59124BF9300001FA520 /* ReviewUpdateService.swift */ = {isa = PBXFileReference; lastKnownFileType = sourcecode.swift; path = ReviewUpdateService.swift; sourceTree = "<group>"; };
		F20AA59324C0ACC9001FA520 /* FilteredCatProduct.swift */ = {isa = PBXFileReference; lastKnownFileType = sourcecode.swift; path = FilteredCatProduct.swift; sourceTree = "<group>"; };
		F20AA59524C0DFF7001FA520 /* AddReview.swift */ = {isa = PBXFileReference; lastKnownFileType = sourcecode.swift; path = AddReview.swift; sourceTree = "<group>"; };
		F23316A424BCBE2400BA6023 /* ReviewData.swift */ = {isa = PBXFileReference; lastKnownFileType = sourcecode.swift; path = ReviewData.swift; sourceTree = "<group>"; };
		F248FD3E24B4727A0055D753 /* Product.swift */ = {isa = PBXFileReference; lastKnownFileType = sourcecode.swift; path = Product.swift; sourceTree = "<group>"; };
		F248FD4124B7A8F30055D753 /* UIScroll+Extension.swift */ = {isa = PBXFileReference; lastKnownFileType = sourcecode.swift; name = "UIScroll+Extension.swift"; path = "Ounce/Global/Delegate/UIScroll+Extension.swift"; sourceTree = SOURCE_ROOT; };
		F24A0F7924C217BF004CC476 /* PostModel.swift */ = {isa = PBXFileReference; lastKnownFileType = sourcecode.swift; path = PostModel.swift; sourceTree = "<group>"; };
		F2940AD524B2548D003C3047 /* SearchVC.swift */ = {isa = PBXFileReference; lastKnownFileType = sourcecode.swift; path = SearchVC.swift; sourceTree = "<group>"; };
		F2940AD924B2F180003C3047 /* PostSC.xib */ = {isa = PBXFileReference; lastKnownFileType = file.xib; path = PostSC.xib; sourceTree = "<group>"; };
		F2940ADD24B2F462003C3047 /* PostSC.swift */ = {isa = PBXFileReference; lastKnownFileType = sourcecode.swift; path = PostSC.swift; sourceTree = "<group>"; };
		F29B7CC924B364D00042089B /* PostNavVC.swift */ = {isa = PBXFileReference; lastKnownFileType = sourcecode.swift; path = PostNavVC.swift; sourceTree = "<group>"; };
		F29B7CCB24B449AC0042089B /* SearchCollectVC.swift */ = {isa = PBXFileReference; lastKnownFileType = sourcecode.swift; path = SearchCollectVC.swift; sourceTree = "<group>"; };
		F29B7CCD24B450F40042089B /* SearchCollectCell.swift */ = {isa = PBXFileReference; lastKnownFileType = sourcecode.swift; path = SearchCollectCell.swift; sourceTree = "<group>"; };
/* End PBXFileReference section */

/* Begin PBXFrameworksBuildPhase section */
		7FC9384724AB1088002B0CA7 /* Frameworks */ = {
			isa = PBXFrameworksBuildPhase;
			buildActionMask = 2147483647;
			files = (
				F6389F4E06978797883A73B6 /* Pods_Ounce.framework in Frameworks */,
			);
			runOnlyForDeploymentPostprocessing = 0;
		};
/* End PBXFrameworksBuildPhase section */

/* Begin PBXGroup section */
		5510193DCDB8BFBD99E99B0D /* Frameworks */ = {
			isa = PBXGroup;
			children = (
				9072743E170CFC1B996F65E9 /* Pods_Ounce.framework */,
			);
			name = Frameworks;
			sourceTree = "<group>";
		};
		5E075D3024B0ABE20035C415 /* Font */ = {
			isa = PBXGroup;
			children = (
				5E075D3624B0ABF60035C415 /* NotoSansKR-Black.otf */,
				5E075D3424B0ABF50035C415 /* NotoSansKR-Bold.otf */,
				5E075D3324B0ABF40035C415 /* NotoSansKR-Light.otf */,
				5E075D3124B0ABF30035C415 /* NotoSansKR-Medium.otf */,
				5E075D3724B0ABF70035C415 /* NotoSansKR-Regular.otf */,
				5E075D3224B0ABF40035C415 /* NotoSansKR-Thin.otf */,
				5E075D3524B0ABF60035C415 /* OFL.txt */,
			);
			path = Font;
			sourceTree = "<group>";
		};
		5E48BF1124B1D6F30060EA7B /* Post */ = {
			isa = PBXGroup;
			children = (
				5E48BF1224B1D6F90060EA7B /* Cells */,
				5E48BF1324B1D6FD0060EA7B /* Storyboards */,
				5E48BF1424B1D7030060EA7B /* ViewControllers */,
			);
			path = Post;
			sourceTree = "<group>";
		};
		5E48BF1224B1D6F90060EA7B /* Cells */ = {
			isa = PBXGroup;
			children = (
				5E48BF2524B1D7DA0060EA7B /* PostCVCell.swift */,
				5E48BF2624B1D7DA0060EA7B /* PostCVCell.xib */,
				F29B7CCD24B450F40042089B /* SearchCollectCell.swift */,
				F248FD3E24B4727A0055D753 /* Product.swift */,
				5E112F8B24BF025D00F4B1AC /* SearchTVCell.swift */,
				5E112F8C24BF025D00F4B1AC /* SearchTVCell.xib */,
			);
			path = Cells;
			sourceTree = "<group>";
		};
		5E48BF1324B1D6FD0060EA7B /* Storyboards */ = {
			isa = PBXGroup;
			children = (
				5E48BF2324B1D7C20060EA7B /* Post.storyboard */,
				F2940AD924B2F180003C3047 /* PostSC.xib */,
			);
			path = Storyboards;
			sourceTree = "<group>";
		};
		5E48BF1424B1D7030060EA7B /* ViewControllers */ = {
			isa = PBXGroup;
			children = (
				5E48BF2124B1D7BB0060EA7B /* PostVC.swift */,
				F2940AD524B2548D003C3047 /* SearchVC.swift */,
				F2940ADD24B2F462003C3047 /* PostSC.swift */,
				F29B7CC924B364D00042089B /* PostNavVC.swift */,
				F29B7CCB24B449AC0042089B /* SearchCollectVC.swift */,
			);
			path = ViewControllers;
			sourceTree = "<group>";
		};
		5E48BF1524B1D70C0060EA7B /* Cells */ = {
			isa = PBXGroup;
			children = (
				5E48BF1D24B1D79D0060EA7B /* BrowseCVCell.swift */,
				5E48BF1E24B1D79D0060EA7B /* BrowseCVCell.xib */,
				5EA7C45C24B8EAA100EB95EA /* BrowseTabCVCell.swift */,
				5EA7C45E24B8EAAD00EB95EA /* BrowsePageCVCell.swift */,
				777B5C6C24B2698400B6514B /* BrowseCVCell + Constraint.swift */,
				5EA7C46024B8EE5B00EB95EA /* BrowseUserTVCell.swift */,
				5EA7C46224B8EE7400EB95EA /* BrowseProductTVCell.swift */,
			);
			path = Cells;
			sourceTree = "<group>";
		};
		5E48BF1624B1D70E0060EA7B /* Storyboards */ = {
			isa = PBXGroup;
			children = (
				5E48BF1B24B1D77D0060EA7B /* Browse.storyboard */,
			);
			path = Storyboards;
			sourceTree = "<group>";
		};
		5E48BF1724B1D7140060EA7B /* ViewControllers */ = {
			isa = PBXGroup;
			children = (
				5E48BF1924B1D7750060EA7B /* BrowseVC.swift */,
				777B5C6E24B273C000B6514B /* UpCarouselFlowLayout.swift */,
				5EA7C45824B8E92400EB95EA /* BrowseSearchVC.swift */,
				5EA7C46424B8F17D00EB95EA /* BrowseSearchVC+Constraint.swift */,
				5E87D84924BE2A4400E10A8C /* SortingListVC.swift */,
			);
			path = ViewControllers;
			sourceTree = "<group>";
		};
		5E580D0D24C1E0EB00878126 /* Recovered References */ = {
			isa = PBXGroup;
			children = (
				777C1EA224C24B12005DA57B /* OtherAccount.swift */,
			);
			name = "Recovered References";
			sourceTree = "<group>";
		};
		5E69E87924AC666F005D4DC1 /* Example+Reference */ = {
			isa = PBXGroup;
			children = (
				5E69E88724AC6707005D4DC1 /* Cells */,
				5E69E88624AC66FD005D4DC1 /* ViewControllers */,
				5E69E88524AC66F5005D4DC1 /* Storyboards */,
			);
			path = "Example+Reference";
			sourceTree = "<group>";
		};
		5E69E87A24AC667F005D4DC1 /* Global */ = {
			isa = PBXGroup;
			children = (
				5E69E87C24AC66A5005D4DC1 /* Delegate */,
				5E69E87E24AC66AD005D4DC1 /* Enums */,
				5E69E87D24AC66A9005D4DC1 /* Extensions */,
				5E69E87F24AC66AF005D4DC1 /* Models */,
				5E69E88024AC66B8005D4DC1 /* Resources */,
				5E69E88124AC66C1005D4DC1 /* Services */,
				5E69E88224AC66CD005D4DC1 /* Supporting Files */,
			);
			path = Global;
			sourceTree = "<group>";
		};
		5E69E87B24AC668B005D4DC1 /* Secene */ = {
			isa = PBXGroup;
			children = (
				5EFD2DBA24BAFC450054B357 /* ProductDetail */,
				773384C124B7912D00D05E8F /* Social */,
				5EA889FA24B3BCAB00C4CEC4 /* Register */,
				5E48BF1124B1D6F30060EA7B /* Post */,
				5EA0B01324B1D1280051C352 /* Browse */,
				5EA0B01224B1D1220051C352 /* TabBar */,
				5E69E88424AC66D6005D4DC1 /* Login */,
				5E69E88324AC66D0005D4DC1 /* Main */,
			);
			path = Secene;
			sourceTree = "<group>";
		};
		5E69E87C24AC66A5005D4DC1 /* Delegate */ = {
			isa = PBXGroup;
			children = (
				7FC9384D24AB1088002B0CA7 /* AppDelegate.swift */,
				7FC9384F24AB1088002B0CA7 /* SceneDelegate.swift */,
			);
			path = Delegate;
			sourceTree = "<group>";
		};
		5E69E87D24AC66A9005D4DC1 /* Extensions */ = {
			isa = PBXGroup;
			children = (
				5E69E89724AC685C005D4DC1 /* UIView+Extension.swift */,
				5E35794B24AE37B300043066 /* UIViewController+Extension.swift */,
				5E35794D24AE37D400043066 /* UIColor+Extension.swift */,
				5E35794F24AE385500043066 /* UITextView+Extension.swift */,
				5E35795124AE38A900043066 /* UIButton+Extension.swift */,
				5E35795324AE38BE00043066 /* UIImageView+Extension.swift */,
				5E35795524AE38D100043066 /* Date+Extension.swift */,
				5E35795724AE38E900043066 /* UITableView+Extension.swift */,
				5E35795924AE38FC00043066 /* String+Extension.swift */,
				5E35795B24AE391500043066 /* UITabBar+Extension.swift */,
				5E5A439F24B23DED0017BA29 /* CALayer+Extension.swift */,
				F248FD4124B7A8F30055D753 /* UIScroll+Extension.swift */,
			);
			path = Extensions;
			sourceTree = "<group>";
		};
		5E69E87E24AC66AD005D4DC1 /* Enums */ = {
			isa = PBXGroup;
			children = (
				5E69E89524AC6833005D4DC1 /* Font+Enum.swift */,
			);
			path = Enums;
			sourceTree = "<group>";
		};
		5E69E87F24AC66AF005D4DC1 /* Models */ = {
			isa = PBXGroup;
			children = (
				5EFD2DCA24BC68290054B357 /* ResponseResult.swift */,
				7747FF6624BA04D3006F5738 /* Follow.swift */,
				5EFD2DCE24BC6E430054B357 /* SignIn.swift */,
				F23316A424BCBE2400BA6023 /* ReviewData.swift */,
				5E179B0724BCC1DA0061A498 /* Token.swift */,
				5E179B1324BDBD6F0061A498 /* CatProduct.swift */,
				5E179B1424BDBD700061A498 /* Recommend.swift */,
				5E179B1724BDBE390061A498 /* User.swift */,
				7FF5158A24BE357800B34544 /* UserReviews.swift */,
				5E580D0E24C1E22700878126 /* ReviewTotal.swift */,
				7FBCE84124C2632D00EFA5D2 /* OtherAccount.swift */,
				7FF5158E24BE46BC00B34544 /* MyProfile.swift */,
				5ED22C7E24C061C700F311F9 /* Review.swift */,
				F20AA59324C0ACC9001FA520 /* FilteredCatProduct.swift */,
				5EBA555224C1E32B002CC6D1 /* LimitAccount.swift */,
				5E71ACCD24C0E08400EFC3EA /* OtherProfile.swift */,
				5EBA555024C1E31C002CC6D1 /* DetailReview.swift */,
				F20AA59524C0DFF7001FA520 /* AddReview.swift */,
				5E2204BE24C259130021A9AC /* OtherAccount.swift */,
				F24A0F7924C217BF004CC476 /* PostModel.swift */,
				7FBCE83D24C24F6E00EFA5D2 /* ReviewPrefer.swift */,
			);
			path = Models;
			sourceTree = "<group>";
		};
		5E69E88024AC66B8005D4DC1 /* Resources */ = {
			isa = PBXGroup;
			children = (
				5E075D3024B0ABE20035C415 /* Font */,
				7FC9385624AB108A002B0CA7 /* Assets.xcassets */,
				5E112F8624BF006F00F4B1AC /* Ounce.xcdatamodeld */,
				7FC9385824AB108A002B0CA7 /* LaunchScreen.storyboard */,
			);
			path = Resources;
			sourceTree = "<group>";
		};
		5E69E88124AC66C1005D4DC1 /* Services */ = {
			isa = PBXGroup;
			children = (
				5E69E89924AC689C005D4DC1 /* APIConstants.swift */,
				5EFD2DC824BC66100054B357 /* NetworkResult.swift */,
				77DBD26F24BE0AB3003034D0 /* RecommendService.swift */,
				5EFD2DCC24BC69CC0054B357 /* UserService.swift */,
				7792017424BE0BBE00DB0ACD /* SearchService.swift */,
				7FBCE83B24C1A7BF00EFA5D2 /* ReviewTotalService.swift */,
				7FBCE83F24C24FE000EFA5D2 /* ReviewPreferService.swift */,
				77DBD26B24BE0A9F003034D0 /* ReviewService.swift */,
				7754C98924BCBCA0001F3A0F /* FollowService.swift */,
				7FF5158C24BE35AE00B34544 /* ContentService.swift */,
				7FF5159024BE47FC00B34544 /* MyProfileService.swift */,
				F20AA59124BF9300001FA520 /* ReviewUpdateService.swift */,
				777C1E9824C1C11B005DA57B /* LimitAccountService.swift */,
				777C1EA424C24B6C005DA57B /* OtherACService.swift */,
				5EBB76FA24C26E010051A255 /* CategoryService.swift */,
			);
			path = Services;
			sourceTree = "<group>";
		};
		5E69E88224AC66CD005D4DC1 /* Supporting Files */ = {
			isa = PBXGroup;
			children = (
				7FC9385B24AB108A002B0CA7 /* Info.plist */,
			);
			path = "Supporting Files";
			sourceTree = "<group>";
		};
		5E69E88324AC66D0005D4DC1 /* Main */ = {
			isa = PBXGroup;
			children = (
				7F7CE9BB24B721AF00CB2476 /* Models */,
				5E69E89B24AC6BC0005D4DC1 /* Cells */,
				5E69E89C24AC6BC4005D4DC1 /* Stroyboards */,
				5E69E89D24AC6BC9005D4DC1 /* ViewControllers */,
			);
			path = Main;
			sourceTree = "<group>";
		};
		5E69E88424AC66D6005D4DC1 /* Login */ = {
			isa = PBXGroup;
			children = (
				5EBB76FE24C2793C0051A255 /* spla.gif */,
				5E76F71824C29431008D9D37 /* Splash.gif */,
				774008B324C0E277001A6A84 /* cat.gif */,
				5E9E4A6724C1F1AC00F92D50 /* Screen.gif */,
				774008B124C0DF2E001A6A84 /* welcome.gif */,
				5E69E8A024AC6BE0005D4DC1 /* Cells */,
				5E69E89F24AC6BDB005D4DC1 /* Stroyboards */,
				5E69E89E24AC6BD5005D4DC1 /* ViewControllers */,
			);
			path = Login;
			sourceTree = "<group>";
		};
		5E69E88524AC66F5005D4DC1 /* Storyboards */ = {
			isa = PBXGroup;
			children = (
				5E69E88C24AC673E005D4DC1 /* Reference.storyboard */,
			);
			path = Storyboards;
			sourceTree = "<group>";
		};
		5E69E88624AC66FD005D4DC1 /* ViewControllers */ = {
			isa = PBXGroup;
			children = (
				5E69E88924AC672D005D4DC1 /* ReferenceVC.swift */,
			);
			path = ViewControllers;
			sourceTree = "<group>";
		};
		5E69E88724AC6707005D4DC1 /* Cells */ = {
			isa = PBXGroup;
			children = (
				5E69E88F24AC6769005D4DC1 /* ReferenceCVCell.swift */,
				5E69E89024AC6769005D4DC1 /* ReferenceCVCell.xib */,
			);
			path = Cells;
			sourceTree = "<group>";
		};
		5E69E89B24AC6BC0005D4DC1 /* Cells */ = {
			isa = PBXGroup;
			children = (
				5E69E8A124AC6BF7005D4DC1 /* MainCell.swift */,
				7FD5B90B24B2DF71008D382F /* ReviewTableViewCell.swift */,
				7FD5B90C24B2DF71008D382F /* ReviewTableViewCell.xib */,
				7FD5B91E24B59DCA008D382F /* ProfileCell.swift */,
				7FD5B92124B59E03008D382F /* HeaderCell.xib */,
				7FE5EA6124BA8B3A004CD853 /* FirstSettingTC.swift */,
				7FE7BA5924BCD6E300D57089 /* SortingCell.swift */,
				5EC8D3AE24BF90DE00C4813B /* OtherProfileTVCell.swift */,
				7FBCE81D24BF891600EFA5D2 /* FilterCVC.swift */,
				7792017724BFBA2000DB0ACD /* ChangeAccountCVC.swift */,
				7792017824BFBA2000DB0ACD /* ChangeAccountCVC.xib */,
				7FBCE82D24C0B27F00EFA5D2 /* HeaderCell.swift */,
				7FBCE83324C0DC6A00EFA5D2 /* DryCVC.swift */,
				7FBCE83524C0DC7B00EFA5D2 /* FoodCVC.swift */,
				7FBCE83724C0DC8A00EFA5D2 /* ManuCVC.swift */,
			);
			path = Cells;
			sourceTree = "<group>";
		};
		5E69E89C24AC6BC4005D4DC1 /* Stroyboards */ = {
			isa = PBXGroup;
			children = (
				7FC9385324AB1088002B0CA7 /* Main.storyboard */,
				7FE7BA5424BB49B000D57089 /* MainNaviVC.swift */,
			);
			path = Stroyboards;
			sourceTree = "<group>";
		};
		5E69E89D24AC6BC9005D4DC1 /* ViewControllers */ = {
			isa = PBXGroup;
			children = (
				7FE7BA5D24BD1B0F00D57089 /* AccountVC.swift */,
				7FD5B91724B466E8008D382F /* HomeVC.swift */,
				7F7CE9BE24B7668000CB2476 /* FilterVC.swift */,
				7F7CE9C024B898E100CB2476 /* SortingVC.swift */,
				7FE5EA4D24BA2481004CD853 /* SettingVC.swift */,
			);
			path = ViewControllers;
			sourceTree = "<group>";
		};
		5E69E89E24AC6BD5005D4DC1 /* ViewControllers */ = {
			isa = PBXGroup;
			children = (
				5E69E8A324AC6C61005D4DC1 /* LoginVC.swift */,
				5E039CB024AFFE9D009B1BC6 /* LoginVC+Constraint.swift */,
				5E039CAC24AFFDAE009B1BC6 /* EmailVC.swift */,
				5E039CB224AFFEAB009B1BC6 /* EmailVC+Constraint.swift */,
				5E039CAE24AFFDBE009B1BC6 /* IDVC.swift */,
				5E039CB424AFFEBD009B1BC6 /* IDVC+Constraint.swift */,
				5E039CAA24AFFDA0009B1BC6 /* PasswordVC.swift */,
				5E039CB624AFFECF009B1BC6 /* Password+Constraint.swift */,
				5E2C33F824B44E1A001F0FB4 /* SignUpCompleteVC.swift */,
				5E1ACDF524C1E8ED00EE7806 /* SplashVC.swift */,
				5E9E4A6924C1F55000F92D50 /* LogoAnimationView.swift */,
				5EB8B7F924C1F88200C238DB /* LoginNVC.swift */,
			);
			path = ViewControllers;
			sourceTree = "<group>";
		};
		5E69E89F24AC6BDB005D4DC1 /* Stroyboards */ = {
			isa = PBXGroup;
			children = (
				5E69E8A524AC6C97005D4DC1 /* Login.storyboard */,
			);
			path = Stroyboards;
			sourceTree = "<group>";
		};
		5E69E8A024AC6BE0005D4DC1 /* Cells */ = {
			isa = PBXGroup;
			children = (
				5E69E8A724AC6CA1005D4DC1 /* LoginCell.swift */,
			);
			path = Cells;
			sourceTree = "<group>";
		};
		5EA0B01224B1D1220051C352 /* TabBar */ = {
			isa = PBXGroup;
			children = (
				5EA0B01424B1D1A40051C352 /* TBC.swift */,
				5EA0B01624B1D1AC0051C352 /* TabBar.storyboard */,
				5E48BF2924B1ED810060EA7B /* CustomTabBar.swift */,
			);
			path = TabBar;
			sourceTree = "<group>";
		};
		5EA0B01324B1D1280051C352 /* Browse */ = {
			isa = PBXGroup;
			children = (
				5E48BF1524B1D70C0060EA7B /* Cells */,
				5E48BF1624B1D70E0060EA7B /* Storyboards */,
				5E48BF1724B1D7140060EA7B /* ViewControllers */,
			);
			path = Browse;
			sourceTree = "<group>";
		};
		5EA889FA24B3BCAB00C4CEC4 /* Register */ = {
			isa = PBXGroup;
			children = (
				5EA889FC24B3BEAA00C4CEC4 /* Storyboards */,
				5EA889FB24B3BEA300C4CEC4 /* ViewControllers */,
			);
			path = Register;
			sourceTree = "<group>";
		};
		5EA889FB24B3BEA300C4CEC4 /* ViewControllers */ = {
			isa = PBXGroup;
			children = (
				5EA889FE24B3BEE300C4CEC4 /* RegisterVC.swift */,
				5E9236F924B4387B00378C8C /* RegisterDetailVC.swift */,
				5E5C668624B5AF4C007C35E6 /* RegisterNavVC.swift */,
			);
			path = ViewControllers;
			sourceTree = "<group>";
		};
		5EA889FC24B3BEAA00C4CEC4 /* Storyboards */ = {
			isa = PBXGroup;
			children = (
				5EA88A0024B3BEF600C4CEC4 /* Register.storyboard */,
			);
			path = Storyboards;
			sourceTree = "<group>";
		};
		5EFD2DBA24BAFC450054B357 /* ProductDetail */ = {
			isa = PBXGroup;
			children = (
				5EFD2DBB24BAFDD40054B357 /* Cells */,
				5EFD2DBC24BAFDD70054B357 /* Storyboards */,
				5EFD2DBD24BAFDDE0054B357 /* ViewControllers */,
			);
			path = ProductDetail;
			sourceTree = "<group>";
		};
		5EFD2DBB24BAFDD40054B357 /* Cells */ = {
			isa = PBXGroup;
			children = (
				5EFD2DC524BB01070054B357 /* ProductDetailTVCell.swift */,
			);
			path = Cells;
			sourceTree = "<group>";
		};
		5EFD2DBC24BAFDD70054B357 /* Storyboards */ = {
			isa = PBXGroup;
			children = (
				5EFD2DBF24BAFE140054B357 /* ProductDetail.storyboard */,
			);
			path = Storyboards;
			sourceTree = "<group>";
		};
		5EFD2DBD24BAFDDE0054B357 /* ViewControllers */ = {
			isa = PBXGroup;
			children = (
				5EFD2DC124BAFE300054B357 /* ProductDetailVC.swift */,
				5EFD2DC324BB006A0054B357 /* ProductDetail+Constraint.swift */,
				7FE7BA5B24BD108700D57089 /* ProductDetailNVC.swift */,
			);
			path = ViewControllers;
			sourceTree = "<group>";
		};
		773384C124B7912D00D05E8F /* Social */ = {
			isa = PBXGroup;
			children = (
				773384C424B7915900D05E8F /* Cells */,
				773384C324B7915600D05E8F /* Storyboards */,
				773384C224B7915300D05E8F /* ViewControllers */,
			);
			path = Social;
			sourceTree = "<group>";
		};
		773384C224B7915300D05E8F /* ViewControllers */ = {
			isa = PBXGroup;
			children = (
				773384EB24B8E91200D05E8F /* SocialVC.swift */,
				773384FB24B9D65A00D05E8F /* SocialVC + Constraints.swift */,
				7FE7BA5F24BDA8B800D57089 /* SocialNVC.swift */,
			);
			path = ViewControllers;
			sourceTree = "<group>";
		};
		773384C324B7915600D05E8F /* Storyboards */ = {
			isa = PBXGroup;
			children = (
				773384C524B791C400D05E8F /* Social.storyboard */,
			);
			path = Storyboards;
			sourceTree = "<group>";
		};
		773384C424B7915900D05E8F /* Cells */ = {
			isa = PBXGroup;
			children = (
				773384ED24B8EAF200D05E8F /* TabCVC.swift */,
				773384EE24B8EAF200D05E8F /* TabCVC.xib */,
				773384F124B8EE6B00D05E8F /* PageCVC.swift */,
				773384F224B8EE6B00D05E8F /* PageCVC.xib */,
				773384F524B9174A00D05E8F /* AcquaintanceTVC.swift */,
				773384F624B9174A00D05E8F /* AcquaintanceTVC.xib */,
			);
			path = Cells;
			sourceTree = "<group>";
		};
		7F7CE9BB24B721AF00CB2476 /* Models */ = {
			isa = PBXGroup;
			children = (
				7FF5158824BE23AF00B34544 /* EditProfile.swift */,
				7FBCE81F24BF8CB800EFA5D2 /* Dry.swift */,
				7FBCE82724BF8EDB00EFA5D2 /* DryInfo.swift */,
				7FBCE82924BF8EEE00EFA5D2 /* MenuInfo.swift */,
				7FBCE82B24BF8F0700EFA5D2 /* ManufactureInfo.swift */,
				7FBCE82124BF8CC700EFA5D2 /* Menu.swift */,
				7FBCE82524BF8E6E00EFA5D2 /* Manufacture.swift */,
			);
			path = Models;
			sourceTree = "<group>";
		};
		7FC9384124AB1088002B0CA7 = {
			isa = PBXGroup;
			children = (
				5E40C5F024BF49B50023B8E6 /* Default-568h@2x.png */,
				7FC9384B24AB1088002B0CA7 /* Products */,
				7FC9384C24AB1088002B0CA7 /* Ounce */,
				841A5A0BC87E7676B80434DD /* Pods */,
				5510193DCDB8BFBD99E99B0D /* Frameworks */,
				5E580D0D24C1E0EB00878126 /* Recovered References */,
			);
			sourceTree = "<group>";
		};
		7FC9384B24AB1088002B0CA7 /* Products */ = {
			isa = PBXGroup;
			children = (
				7FC9384A24AB1088002B0CA7 /* Ounce.app */,
			);
			name = Products;
			sourceTree = "<group>";
		};
		7FC9384C24AB1088002B0CA7 /* Ounce */ = {
			isa = PBXGroup;
			children = (
				5E69E87924AC666F005D4DC1 /* Example+Reference */,
				5E69E87A24AC667F005D4DC1 /* Global */,
				5E69E87B24AC668B005D4DC1 /* Secene */,
			);
			path = Ounce;
			sourceTree = "<group>";
		};
		841A5A0BC87E7676B80434DD /* Pods */ = {
			isa = PBXGroup;
			children = (
				1E6D581E26C8D14A0B0C0DAC /* Pods-Ounce.debug.xcconfig */,
				05423A96C27836670EC1ED86 /* Pods-Ounce.release.xcconfig */,
			);
			path = Pods;
			sourceTree = "<group>";
		};
/* End PBXGroup section */

/* Begin PBXNativeTarget section */
		7FC9384924AB1088002B0CA7 /* Ounce */ = {
			isa = PBXNativeTarget;
			buildConfigurationList = 7FC9385E24AB108A002B0CA7 /* Build configuration list for PBXNativeTarget "Ounce" */;
			buildPhases = (
				AAF49B8E0D4A37F2583B9C22 /* [CP] Check Pods Manifest.lock */,
				7FC9384624AB1088002B0CA7 /* Sources */,
				7FC9384724AB1088002B0CA7 /* Frameworks */,
				7FC9384824AB1088002B0CA7 /* Resources */,
				A6E9DB0371C6D70BDF223B2E /* [CP] Embed Pods Frameworks */,
			);
			buildRules = (
			);
			dependencies = (
			);
			name = Ounce;
			productName = Ounce;
			productReference = 7FC9384A24AB1088002B0CA7 /* Ounce.app */;
			productType = "com.apple.product-type.application";
		};
/* End PBXNativeTarget section */

/* Begin PBXProject section */
		7FC9384224AB1088002B0CA7 /* Project object */ = {
			isa = PBXProject;
			attributes = {
				LastSwiftUpdateCheck = 1150;
				LastUpgradeCheck = 1150;
				ORGANIZATIONNAME = "박주연";
				TargetAttributes = {
					7FC9384924AB1088002B0CA7 = {
						CreatedOnToolsVersion = 11.5;
					};
				};
			};
			buildConfigurationList = 7FC9384524AB1088002B0CA7 /* Build configuration list for PBXProject "Ounce" */;
			compatibilityVersion = "Xcode 9.3";
			developmentRegion = en;
			hasScannedForEncodings = 0;
			knownRegions = (
				en,
				Base,
			);
			mainGroup = 7FC9384124AB1088002B0CA7;
			productRefGroup = 7FC9384B24AB1088002B0CA7 /* Products */;
			projectDirPath = "";
			projectRoot = "";
			targets = (
				7FC9384924AB1088002B0CA7 /* Ounce */,
			);
		};
/* End PBXProject section */

/* Begin PBXResourcesBuildPhase section */
		7FC9384824AB1088002B0CA7 /* Resources */ = {
			isa = PBXResourcesBuildPhase;
			buildActionMask = 2147483647;
			files = (
				773384F824B9174A00D05E8F /* AcquaintanceTVC.xib in Resources */,
				5E112F8E24BF025D00F4B1AC /* SearchTVCell.xib in Resources */,
				5E48BF2824B1D7DA0060EA7B /* PostCVCell.xib in Resources */,
				5E69E89224AC6769005D4DC1 /* ReferenceCVCell.xib in Resources */,
				5EA88A0124B3BEF600C4CEC4 /* Register.storyboard in Resources */,
				7FD5B90E24B2DF71008D382F /* ReviewTableViewCell.xib in Resources */,
				773384F424B8EE6B00D05E8F /* PageCVC.xib in Resources */,
				5E075D3E24B0ABF70035C415 /* NotoSansKR-Regular.otf in Resources */,
				5E075D3C24B0ABF70035C415 /* OFL.txt in Resources */,
				7FC9385A24AB108A002B0CA7 /* LaunchScreen.storyboard in Resources */,
				774008B424C0E278001A6A84 /* cat.gif in Resources */,
				7792017A24BFBA2000DB0ACD /* ChangeAccountCVC.xib in Resources */,
				5E075D3D24B0ABF70035C415 /* NotoSansKR-Black.otf in Resources */,
				5E9E4A6824C1F1AC00F92D50 /* Screen.gif in Resources */,
				5EA0B01724B1D1AC0051C352 /* TabBar.storyboard in Resources */,
				5EFD2DC024BAFE140054B357 /* ProductDetail.storyboard in Resources */,
				5E48BF1C24B1D77D0060EA7B /* Browse.storyboard in Resources */,
				7FD5B92324B59E03008D382F /* HeaderCell.xib in Resources */,
				5E075D3824B0ABF70035C415 /* NotoSansKR-Medium.otf in Resources */,
				773384C624B791C400D05E8F /* Social.storyboard in Resources */,
				5E69E8A624AC6C97005D4DC1 /* Login.storyboard in Resources */,
				773384F024B8EAF200D05E8F /* TabCVC.xib in Resources */,
				5E075D3B24B0ABF70035C415 /* NotoSansKR-Bold.otf in Resources */,
				5E075D3924B0ABF70035C415 /* NotoSansKR-Thin.otf in Resources */,
				7FC9385724AB108A002B0CA7 /* Assets.xcassets in Resources */,
				5E7C974424C23B9A00E5386F /* Default-568h@2x.png in Resources */,
				F2940ADA24B2F180003C3047 /* PostSC.xib in Resources */,
				5E76F71924C29431008D9D37 /* Splash.gif in Resources */,
				5EBB76FF24C2793C0051A255 /* spla.gif in Resources */,
				5E48BF2024B1D79D0060EA7B /* BrowseCVCell.xib in Resources */,
				774008B224C0DF2E001A6A84 /* welcome.gif in Resources */,
				5E075D3A24B0ABF70035C415 /* NotoSansKR-Light.otf in Resources */,
				5E69E88D24AC673E005D4DC1 /* Reference.storyboard in Resources */,
				5E48BF2424B1D7C20060EA7B /* Post.storyboard in Resources */,
				7FC9385524AB1088002B0CA7 /* Main.storyboard in Resources */,
			);
			runOnlyForDeploymentPostprocessing = 0;
		};
/* End PBXResourcesBuildPhase section */

/* Begin PBXShellScriptBuildPhase section */
		A6E9DB0371C6D70BDF223B2E /* [CP] Embed Pods Frameworks */ = {
			isa = PBXShellScriptBuildPhase;
			buildActionMask = 2147483647;
			files = (
			);
			inputFileListPaths = (
				"${PODS_ROOT}/Target Support Files/Pods-Ounce/Pods-Ounce-frameworks-${CONFIGURATION}-input-files.xcfilelist",
			);
			name = "[CP] Embed Pods Frameworks";
			outputFileListPaths = (
				"${PODS_ROOT}/Target Support Files/Pods-Ounce/Pods-Ounce-frameworks-${CONFIGURATION}-output-files.xcfilelist",
			);
			runOnlyForDeploymentPostprocessing = 0;
			shellPath = /bin/sh;
			shellScript = "\"${PODS_ROOT}/Target Support Files/Pods-Ounce/Pods-Ounce-frameworks.sh\"\n";
			showEnvVarsInLog = 0;
		};
		AAF49B8E0D4A37F2583B9C22 /* [CP] Check Pods Manifest.lock */ = {
			isa = PBXShellScriptBuildPhase;
			buildActionMask = 2147483647;
			files = (
			);
			inputFileListPaths = (
			);
			inputPaths = (
				"${PODS_PODFILE_DIR_PATH}/Podfile.lock",
				"${PODS_ROOT}/Manifest.lock",
			);
			name = "[CP] Check Pods Manifest.lock";
			outputFileListPaths = (
			);
			outputPaths = (
				"$(DERIVED_FILE_DIR)/Pods-Ounce-checkManifestLockResult.txt",
			);
			runOnlyForDeploymentPostprocessing = 0;
			shellPath = /bin/sh;
			shellScript = "diff \"${PODS_PODFILE_DIR_PATH}/Podfile.lock\" \"${PODS_ROOT}/Manifest.lock\" > /dev/null\nif [ $? != 0 ] ; then\n    # print error to STDERR\n    echo \"error: The sandbox is not in sync with the Podfile.lock. Run 'pod install' or update your CocoaPods installation.\" >&2\n    exit 1\nfi\n# This output is used by Xcode 'outputs' to avoid re-running this script phase.\necho \"SUCCESS\" > \"${SCRIPT_OUTPUT_FILE_0}\"\n";
			showEnvVarsInLog = 0;
		};
/* End PBXShellScriptBuildPhase section */

/* Begin PBXSourcesBuildPhase section */
		7FC9384624AB1088002B0CA7 /* Sources */ = {
			isa = PBXSourcesBuildPhase;
			buildActionMask = 2147483647;
			files = (
				777C1E9924C1C11B005DA57B /* LimitAccountService.swift in Sources */,
				7754C98A24BCBCA0001F3A0F /* FollowService.swift in Sources */,
				5EBA555324C1E32B002CC6D1 /* LimitAccount.swift in Sources */,
				7FBCE83E24C24F6E00EFA5D2 /* ReviewPrefer.swift in Sources */,
				5EA7C46124B8EE5B00EB95EA /* BrowseUserTVCell.swift in Sources */,
				5E69E8A424AC6C61005D4DC1 /* LoginVC.swift in Sources */,
				7FBCE83824C0DC8A00EFA5D2 /* ManuCVC.swift in Sources */,
				7792017524BE0BBE00DB0ACD /* SearchService.swift in Sources */,
				5E35794C24AE37B300043066 /* UIViewController+Extension.swift in Sources */,
				7792017924BFBA2000DB0ACD /* ChangeAccountCVC.swift in Sources */,
				777B5C6F24B273C000B6514B /* UpCarouselFlowLayout.swift in Sources */,
				5E35795824AE38E900043066 /* UITableView+Extension.swift in Sources */,
				773384EC24B8E91200D05E8F /* SocialVC.swift in Sources */,
				5EA0B01524B1D1A40051C352 /* TBC.swift in Sources */,
				5E1ACDF624C1E8ED00EE7806 /* SplashVC.swift in Sources */,
				5E179B0B24BCECCE0061A498 /* SortingCell.swift in Sources */,
				5E71ACCE24C0E08400EFC3EA /* OtherProfile.swift in Sources */,
				F248FD3F24B4727A0055D753 /* Product.swift in Sources */,
				5EFD2DC624BB01070054B357 /* ProductDetailTVCell.swift in Sources */,
				7FBCE81E24BF891600EFA5D2 /* FilterCVC.swift in Sources */,
				5E5A43A024B23DED0017BA29 /* CALayer+Extension.swift in Sources */,
				7FBCE82224BF8CC700EFA5D2 /* Menu.swift in Sources */,
				5E039CAB24AFFDA0009B1BC6 /* PasswordVC.swift in Sources */,
				5EBA555124C1E31C002CC6D1 /* DetailReview.swift in Sources */,
				7FF5158924BE23AF00B34544 /* EditProfile.swift in Sources */,
				7FF5158F24BE46BC00B34544 /* MyProfile.swift in Sources */,
				5E69E89124AC6769005D4DC1 /* ReferenceCVCell.swift in Sources */,
				5EBB76FB24C26E010051A255 /* CategoryService.swift in Sources */,
				5EFD2DC224BAFE300054B357 /* ProductDetailVC.swift in Sources */,
				7F7CE9BF24B7668000CB2476 /* FilterVC.swift in Sources */,
				773384FC24B9D65A00D05E8F /* SocialVC + Constraints.swift in Sources */,
				5E48BF2224B1D7BB0060EA7B /* PostVC.swift in Sources */,
				5E35795C24AE391500043066 /* UITabBar+Extension.swift in Sources */,
				5EA7C46324B8EE7400EB95EA /* BrowseProductTVCell.swift in Sources */,
				777C1EA524C24B6C005DA57B /* OtherACService.swift in Sources */,
				7FBCE83424C0DC6A00EFA5D2 /* DryCVC.swift in Sources */,
				5E48BF2A24B1ED810060EA7B /* CustomTabBar.swift in Sources */,
				7FBCE84024C24FE000EFA5D2 /* ReviewPreferService.swift in Sources */,
				5EA889FF24B3BEE300C4CEC4 /* RegisterVC.swift in Sources */,
				7FF5158B24BE357800B34544 /* UserReviews.swift in Sources */,
				F248FD4224B7A8F30055D753 /* UIScroll+Extension.swift in Sources */,
				7FF5159124BE47FC00B34544 /* MyProfileService.swift in Sources */,
				F24A0F7A24C217BF004CC476 /* PostModel.swift in Sources */,
				5E9236FA24B4387B00378C8C /* RegisterDetailVC.swift in Sources */,
				7FBCE82624BF8E6E00EFA5D2 /* Manufacture.swift in Sources */,
				5E69E88A24AC672D005D4DC1 /* ReferenceVC.swift in Sources */,
				5E69E89824AC685C005D4DC1 /* UIView+Extension.swift in Sources */,
				5E35795224AE38A900043066 /* UIButton+Extension.swift in Sources */,
				7FBCE82824BF8EDB00EFA5D2 /* DryInfo.swift in Sources */,
				5EFD2DCF24BC6E430054B357 /* SignIn.swift in Sources */,
				7FBCE82C24BF8F0700EFA5D2 /* ManufactureInfo.swift in Sources */,
				5EA7C46524B8F17D00EB95EA /* BrowseSearchVC+Constraint.swift in Sources */,
				5E35795A24AE38FC00043066 /* String+Extension.swift in Sources */,
				F20AA59624C0DFF7001FA520 /* AddReview.swift in Sources */,
				5E039CB124AFFE9D009B1BC6 /* LoginVC+Constraint.swift in Sources */,
				5E179B0824BCC1DA0061A498 /* Token.swift in Sources */,
				5EA7C45924B8E92400EB95EA /* BrowseSearchVC.swift in Sources */,
				5E69E8A224AC6BF7005D4DC1 /* MainCell.swift in Sources */,
				7FBCE82A24BF8EEE00EFA5D2 /* MenuInfo.swift in Sources */,
				F2940ADE24B2F462003C3047 /* PostSC.swift in Sources */,
				5EFD2DC424BB006A0054B357 /* ProductDetail+Constraint.swift in Sources */,
				5EFD2DCD24BC69CC0054B357 /* UserService.swift in Sources */,
				5EB8B7FA24C1F88200C238DB /* LoginNVC.swift in Sources */,
				5E35794E24AE37D400043066 /* UIColor+Extension.swift in Sources */,
				5E112F8D24BF025D00F4B1AC /* SearchTVCell.swift in Sources */,
				5E580D0F24C1E22800878126 /* ReviewTotal.swift in Sources */,
				7FE7BA5C24BD108700D57089 /* ProductDetailNVC.swift in Sources */,
				5E87D84A24BE2A4400E10A8C /* SortingListVC.swift in Sources */,
				5E35795024AE385500043066 /* UITextView+Extension.swift in Sources */,
				5E039CB724AFFECF009B1BC6 /* Password+Constraint.swift in Sources */,
				5E2C33F924B44E1A001F0FB4 /* SignUpCompleteVC.swift in Sources */,
				F29B7CCC24B449AC0042089B /* SearchCollectVC.swift in Sources */,
				5E69E89A24AC689C005D4DC1 /* APIConstants.swift in Sources */,
				5E69E89624AC6833005D4DC1 /* Font+Enum.swift in Sources */,
				77DBD26C24BE0A9F003034D0 /* ReviewService.swift in Sources */,
				7FC9384E24AB1088002B0CA7 /* AppDelegate.swift in Sources */,
				5EFD2DC724BB5DBC0054B357 /* SortingVC.swift in Sources */,
				5E48BF2724B1D7DA0060EA7B /* PostCVCell.swift in Sources */,
				5EA7C45D24B8EAA100EB95EA /* BrowseTabCVCell.swift in Sources */,
				F248FD4024B4EB030055D753 /* HomeVC.swift in Sources */,
				5E179B1624BDBD700061A498 /* Recommend.swift in Sources */,
				7FC9385024AB1088002B0CA7 /* SceneDelegate.swift in Sources */,
				5E5C668724B5AF4C007C35E6 /* RegisterNavVC.swift in Sources */,
				7792017624BE0BDA00DB0ACD /* RecommendService.swift in Sources */,
				7FBCE82024BF8CB800EFA5D2 /* Dry.swift in Sources */,
				7747FF6724BA04D3006F5738 /* Follow.swift in Sources */,
				5E039CAF24AFFDBE009B1BC6 /* IDVC.swift in Sources */,
				5E179B1524BDBD700061A498 /* CatProduct.swift in Sources */,
				5E35795424AE38BE00043066 /* UIImageView+Extension.swift in Sources */,
				7FE5EA4E24BA2481004CD853 /* SettingVC.swift in Sources */,
				5E179B1824BDBE390061A498 /* User.swift in Sources */,
				5E112F8824BF006F00F4B1AC /* Ounce.xcdatamodeld in Sources */,
				F29B7CCE24B450F40042089B /* SearchCollectCell.swift in Sources */,
				5E69E8A824AC6CA1005D4DC1 /* LoginCell.swift in Sources */,
				5E039CB524AFFEBD009B1BC6 /* IDVC+Constraint.swift in Sources */,
				7FBCE83C24C1A7BF00EFA5D2 /* ReviewTotalService.swift in Sources */,
				5EFD2DC924BC66100054B357 /* NetworkResult.swift in Sources */,
				777B5C6D24B2698400B6514B /* BrowseCVCell + Constraint.swift in Sources */,
				5ED22C7F24C061C700F311F9 /* Review.swift in Sources */,
				5E48BF1F24B1D79D0060EA7B /* BrowseCVCell.swift in Sources */,
				7FBCE83624C0DC7B00EFA5D2 /* FoodCVC.swift in Sources */,
				7FE7BA6124BDAAF800D57089 /* AccountVC.swift in Sources */,
				5EA7C45F24B8EAAD00EB95EA /* BrowsePageCVCell.swift in Sources */,
				5E35795624AE38D100043066 /* Date+Extension.swift in Sources */,
				5E039CB324AFFEAB009B1BC6 /* EmailVC+Constraint.swift in Sources */,
				5EFD2DCB24BC68290054B357 /* ResponseResult.swift in Sources */,
				5EC8D3AF24BF90DE00C4813B /* OtherProfileTVCell.swift in Sources */,
				5E9E4A6A24C1F55000F92D50 /* LogoAnimationView.swift in Sources */,
				5E2204BF24C259130021A9AC /* OtherAccount.swift in Sources */,
				7FD5B90D24B2DF71008D382F /* ReviewTableViewCell.swift in Sources */,
				5E48BF1A24B1D7750060EA7B /* BrowseVC.swift in Sources */,
				F23316A524BCBE2400BA6023 /* ReviewData.swift in Sources */,
				7FE5EA6224BA8B3A004CD853 /* FirstSettingTC.swift in Sources */,
				F29B7CCA24B364D00042089B /* PostNavVC.swift in Sources */,
				7FD5B91F24B59DCA008D382F /* ProfileCell.swift in Sources */,
				773384F724B9174A00D05E8F /* AcquaintanceTVC.swift in Sources */,
				F20AA59924C1DD24001FA520 /* ReviewUpdateService.swift in Sources */,
				F2940AD624B2548D003C3047 /* SearchVC.swift in Sources */,
				773384F324B8EE6B00D05E8F /* PageCVC.swift in Sources */,
				5E039CAD24AFFDAE009B1BC6 /* EmailVC.swift in Sources */,
				F20AA59424C0ACC9001FA520 /* FilteredCatProduct.swift in Sources */,
				773384EF24B8EAF200D05E8F /* TabCVC.swift in Sources */,
				7FBCE82E24C0B27F00EFA5D2 /* HeaderCell.swift in Sources */,
				7FF5158D24BE35AE00B34544 /* ContentService.swift in Sources */,
			);
			runOnlyForDeploymentPostprocessing = 0;
		};
/* End PBXSourcesBuildPhase section */

/* Begin PBXVariantGroup section */
		7FC9385324AB1088002B0CA7 /* Main.storyboard */ = {
			isa = PBXVariantGroup;
			children = (
				7FC9385424AB1088002B0CA7 /* Base */,
			);
			name = Main.storyboard;
			sourceTree = "<group>";
		};
		7FC9385824AB108A002B0CA7 /* LaunchScreen.storyboard */ = {
			isa = PBXVariantGroup;
			children = (
				7FC9385924AB108A002B0CA7 /* Base */,
			);
			name = LaunchScreen.storyboard;
			sourceTree = "<group>";
		};
/* End PBXVariantGroup section */

/* Begin XCBuildConfiguration section */
		7FC9385C24AB108A002B0CA7 /* Debug */ = {
			isa = XCBuildConfiguration;
			buildSettings = {
				ALWAYS_SEARCH_USER_PATHS = NO;
				CLANG_ANALYZER_NONNULL = YES;
				CLANG_ANALYZER_NUMBER_OBJECT_CONVERSION = YES_AGGRESSIVE;
				CLANG_CXX_LANGUAGE_STANDARD = "gnu++14";
				CLANG_CXX_LIBRARY = "libc++";
				CLANG_ENABLE_MODULES = YES;
				CLANG_ENABLE_OBJC_ARC = YES;
				CLANG_ENABLE_OBJC_WEAK = YES;
				CLANG_WARN_BLOCK_CAPTURE_AUTORELEASING = YES;
				CLANG_WARN_BOOL_CONVERSION = YES;
				CLANG_WARN_COMMA = YES;
				CLANG_WARN_CONSTANT_CONVERSION = YES;
				CLANG_WARN_DEPRECATED_OBJC_IMPLEMENTATIONS = YES;
				CLANG_WARN_DIRECT_OBJC_ISA_USAGE = YES_ERROR;
				CLANG_WARN_DOCUMENTATION_COMMENTS = YES;
				CLANG_WARN_EMPTY_BODY = YES;
				CLANG_WARN_ENUM_CONVERSION = YES;
				CLANG_WARN_INFINITE_RECURSION = YES;
				CLANG_WARN_INT_CONVERSION = YES;
				CLANG_WARN_NON_LITERAL_NULL_CONVERSION = YES;
				CLANG_WARN_OBJC_IMPLICIT_RETAIN_SELF = YES;
				CLANG_WARN_OBJC_LITERAL_CONVERSION = YES;
				CLANG_WARN_OBJC_ROOT_CLASS = YES_ERROR;
				CLANG_WARN_RANGE_LOOP_ANALYSIS = YES;
				CLANG_WARN_STRICT_PROTOTYPES = YES;
				CLANG_WARN_SUSPICIOUS_MOVE = YES;
				CLANG_WARN_UNGUARDED_AVAILABILITY = YES_AGGRESSIVE;
				CLANG_WARN_UNREACHABLE_CODE = YES;
				CLANG_WARN__DUPLICATE_METHOD_MATCH = YES;
				COPY_PHASE_STRIP = NO;
				DEBUG_INFORMATION_FORMAT = dwarf;
				ENABLE_STRICT_OBJC_MSGSEND = YES;
				ENABLE_TESTABILITY = YES;
				GCC_C_LANGUAGE_STANDARD = gnu11;
				GCC_DYNAMIC_NO_PIC = NO;
				GCC_NO_COMMON_BLOCKS = YES;
				GCC_OPTIMIZATION_LEVEL = 0;
				GCC_PREPROCESSOR_DEFINITIONS = (
					"DEBUG=1",
					"$(inherited)",
				);
				GCC_WARN_64_TO_32_BIT_CONVERSION = YES;
				GCC_WARN_ABOUT_RETURN_TYPE = YES_ERROR;
				GCC_WARN_UNDECLARED_SELECTOR = YES;
				GCC_WARN_UNINITIALIZED_AUTOS = YES_AGGRESSIVE;
				GCC_WARN_UNUSED_FUNCTION = YES;
				GCC_WARN_UNUSED_VARIABLE = YES;
				IPHONEOS_DEPLOYMENT_TARGET = 13.0;
				MTL_ENABLE_DEBUG_INFO = INCLUDE_SOURCE;
				MTL_FAST_MATH = YES;
				ONLY_ACTIVE_ARCH = YES;
				SDKROOT = iphoneos;
				SWIFT_ACTIVE_COMPILATION_CONDITIONS = DEBUG;
				SWIFT_OPTIMIZATION_LEVEL = "-Onone";
			};
			name = Debug;
		};
		7FC9385D24AB108A002B0CA7 /* Release */ = {
			isa = XCBuildConfiguration;
			buildSettings = {
				ALWAYS_SEARCH_USER_PATHS = NO;
				CLANG_ANALYZER_NONNULL = YES;
				CLANG_ANALYZER_NUMBER_OBJECT_CONVERSION = YES_AGGRESSIVE;
				CLANG_CXX_LANGUAGE_STANDARD = "gnu++14";
				CLANG_CXX_LIBRARY = "libc++";
				CLANG_ENABLE_MODULES = YES;
				CLANG_ENABLE_OBJC_ARC = YES;
				CLANG_ENABLE_OBJC_WEAK = YES;
				CLANG_WARN_BLOCK_CAPTURE_AUTORELEASING = YES;
				CLANG_WARN_BOOL_CONVERSION = YES;
				CLANG_WARN_COMMA = YES;
				CLANG_WARN_CONSTANT_CONVERSION = YES;
				CLANG_WARN_DEPRECATED_OBJC_IMPLEMENTATIONS = YES;
				CLANG_WARN_DIRECT_OBJC_ISA_USAGE = YES_ERROR;
				CLANG_WARN_DOCUMENTATION_COMMENTS = YES;
				CLANG_WARN_EMPTY_BODY = YES;
				CLANG_WARN_ENUM_CONVERSION = YES;
				CLANG_WARN_INFINITE_RECURSION = YES;
				CLANG_WARN_INT_CONVERSION = YES;
				CLANG_WARN_NON_LITERAL_NULL_CONVERSION = YES;
				CLANG_WARN_OBJC_IMPLICIT_RETAIN_SELF = YES;
				CLANG_WARN_OBJC_LITERAL_CONVERSION = YES;
				CLANG_WARN_OBJC_ROOT_CLASS = YES_ERROR;
				CLANG_WARN_RANGE_LOOP_ANALYSIS = YES;
				CLANG_WARN_STRICT_PROTOTYPES = YES;
				CLANG_WARN_SUSPICIOUS_MOVE = YES;
				CLANG_WARN_UNGUARDED_AVAILABILITY = YES_AGGRESSIVE;
				CLANG_WARN_UNREACHABLE_CODE = YES;
				CLANG_WARN__DUPLICATE_METHOD_MATCH = YES;
				COPY_PHASE_STRIP = NO;
				DEBUG_INFORMATION_FORMAT = "dwarf-with-dsym";
				ENABLE_NS_ASSERTIONS = NO;
				ENABLE_STRICT_OBJC_MSGSEND = YES;
				GCC_C_LANGUAGE_STANDARD = gnu11;
				GCC_NO_COMMON_BLOCKS = YES;
				GCC_WARN_64_TO_32_BIT_CONVERSION = YES;
				GCC_WARN_ABOUT_RETURN_TYPE = YES_ERROR;
				GCC_WARN_UNDECLARED_SELECTOR = YES;
				GCC_WARN_UNINITIALIZED_AUTOS = YES_AGGRESSIVE;
				GCC_WARN_UNUSED_FUNCTION = YES;
				GCC_WARN_UNUSED_VARIABLE = YES;
				IPHONEOS_DEPLOYMENT_TARGET = 13.0;
				MTL_ENABLE_DEBUG_INFO = NO;
				MTL_FAST_MATH = YES;
				SDKROOT = iphoneos;
				SWIFT_COMPILATION_MODE = wholemodule;
				SWIFT_OPTIMIZATION_LEVEL = "-O";
				VALIDATE_PRODUCT = YES;
			};
			name = Release;
		};
		7FC9385F24AB108A002B0CA7 /* Debug */ = {
			isa = XCBuildConfiguration;
			baseConfigurationReference = 1E6D581E26C8D14A0B0C0DAC /* Pods-Ounce.debug.xcconfig */;
			buildSettings = {
				ASSETCATALOG_COMPILER_APPICON_NAME = AppIcon;
				CODE_SIGN_STYLE = Automatic;
				CURRENT_PROJECT_VERSION = 11;
				DEVELOPMENT_TEAM = 36BC59Q598;
				INFOPLIST_FILE = "Ounce/Global/Supporting Files/Info.plist";
				IPHONEOS_DEPLOYMENT_TARGET = 13.0;
				LD_RUNPATH_SEARCH_PATHS = (
					"$(inherited)",
					"@executable_path/Frameworks",
				);
				MARKETING_VERSION = 1.0.0;
				PRODUCT_BUNDLE_IDENTIFIER = com.ounce.cat;
				PRODUCT_NAME = "$(TARGET_NAME)";
				SWIFT_VERSION = 5.0;
				TARGETED_DEVICE_FAMILY = 1;
			};
			name = Debug;
		};
		7FC9386024AB108A002B0CA7 /* Release */ = {
			isa = XCBuildConfiguration;
			baseConfigurationReference = 05423A96C27836670EC1ED86 /* Pods-Ounce.release.xcconfig */;
			buildSettings = {
				ASSETCATALOG_COMPILER_APPICON_NAME = AppIcon;
				CODE_SIGN_STYLE = Automatic;
				CURRENT_PROJECT_VERSION = 11;
				DEVELOPMENT_TEAM = 36BC59Q598;
				INFOPLIST_FILE = "Ounce/Global/Supporting Files/Info.plist";
				IPHONEOS_DEPLOYMENT_TARGET = 13.0;
				LD_RUNPATH_SEARCH_PATHS = (
					"$(inherited)",
					"@executable_path/Frameworks",
				);
				MARKETING_VERSION = 1.0.0;
				PRODUCT_BUNDLE_IDENTIFIER = com.ounce.cat;
				PRODUCT_NAME = "$(TARGET_NAME)";
				SWIFT_VERSION = 5.0;
				TARGETED_DEVICE_FAMILY = 1;
			};
			name = Release;
		};
/* End XCBuildConfiguration section */

/* Begin XCConfigurationList section */
		7FC9384524AB1088002B0CA7 /* Build configuration list for PBXProject "Ounce" */ = {
			isa = XCConfigurationList;
			buildConfigurations = (
				7FC9385C24AB108A002B0CA7 /* Debug */,
				7FC9385D24AB108A002B0CA7 /* Release */,
			);
			defaultConfigurationIsVisible = 0;
			defaultConfigurationName = Release;
		};
		7FC9385E24AB108A002B0CA7 /* Build configuration list for PBXNativeTarget "Ounce" */ = {
			isa = XCConfigurationList;
			buildConfigurations = (
				7FC9385F24AB108A002B0CA7 /* Debug */,
				7FC9386024AB108A002B0CA7 /* Release */,
			);
			defaultConfigurationIsVisible = 0;
			defaultConfigurationName = Release;
		};
/* End XCConfigurationList section */

/* Begin XCVersionGroup section */
		5E112F8624BF006F00F4B1AC /* Ounce.xcdatamodeld */ = {
			isa = XCVersionGroup;
			children = (
				5E112F8724BF006F00F4B1AC /* Ounce.xcdatamodel */,
			);
			currentVersion = 5E112F8724BF006F00F4B1AC /* Ounce.xcdatamodel */;
			path = Ounce.xcdatamodeld;
			sourceTree = "<group>";
			versionGroupType = wrapper.xcdatamodel;
		};
/* End XCVersionGroup section */
	};
	rootObject = 7FC9384224AB1088002B0CA7 /* Project object */;
}
