// !$*UTF8*$!
{
	archiveVersion = 1;
	classes = {
	};
	objectVersion = 51;
	objects = {

/* Begin PBXBuildFile section */
		5E039CAB24AFFDA0009B1BC6 /* PasswordVC.swift in Sources */ = {isa = PBXBuildFile; fileRef = 5E039CAA24AFFDA0009B1BC6 /* PasswordVC.swift */; };
		5E039CAD24AFFDAE009B1BC6 /* EmailVC.swift in Sources */ = {isa = PBXBuildFile; fileRef = 5E039CAC24AFFDAE009B1BC6 /* EmailVC.swift */; };
		5E039CAF24AFFDBE009B1BC6 /* IDVC.swift in Sources */ = {isa = PBXBuildFile; fileRef = 5E039CAE24AFFDBE009B1BC6 /* IDVC.swift */; };
		5E039CB124AFFE9D009B1BC6 /* LoginVC+Constraint.swift in Sources */ = {isa = PBXBuildFile; fileRef = 5E039CB024AFFE9D009B1BC6 /* LoginVC+Constraint.swift */; };
		5E039CB324AFFEAB009B1BC6 /* EmailVC+Constraint.swift in Sources */ = {isa = PBXBuildFile; fileRef = 5E039CB224AFFEAB009B1BC6 /* EmailVC+Constraint.swift */; };
		5E039CB524AFFEBD009B1BC6 /* IDVC+Constraint.swift in Sources */ = {isa = PBXBuildFile; fileRef = 5E039CB424AFFEBD009B1BC6 /* IDVC+Constraint.swift */; };
		5E039CB724AFFECF009B1BC6 /* Password+Constraint.swift in Sources */ = {isa = PBXBuildFile; fileRef = 5E039CB624AFFECF009B1BC6 /* Password+Constraint.swift */; };
		5E075D3824B0ABF70035C415 /* NotoSansKR-Medium.otf in Resources */ = {isa = PBXBuildFile; fileRef = 5E075D3124B0ABF30035C415 /* NotoSansKR-Medium.otf */; };
		5E075D3924B0ABF70035C415 /* NotoSansKR-Thin.otf in Resources */ = {isa = PBXBuildFile; fileRef = 5E075D3224B0ABF40035C415 /* NotoSansKR-Thin.otf */; };
		5E075D3A24B0ABF70035C415 /* NotoSansKR-Light.otf in Resources */ = {isa = PBXBuildFile; fileRef = 5E075D3324B0ABF40035C415 /* NotoSansKR-Light.otf */; };
		5E075D3B24B0ABF70035C415 /* NotoSansKR-Bold.otf in Resources */ = {isa = PBXBuildFile; fileRef = 5E075D3424B0ABF50035C415 /* NotoSansKR-Bold.otf */; };
		5E075D3C24B0ABF70035C415 /* OFL.txt in Resources */ = {isa = PBXBuildFile; fileRef = 5E075D3524B0ABF60035C415 /* OFL.txt */; };
		5E075D3D24B0ABF70035C415 /* NotoSansKR-Black.otf in Resources */ = {isa = PBXBuildFile; fileRef = 5E075D3624B0ABF60035C415 /* NotoSansKR-Black.otf */; };
		5E075D3E24B0ABF70035C415 /* NotoSansKR-Regular.otf in Resources */ = {isa = PBXBuildFile; fileRef = 5E075D3724B0ABF70035C415 /* NotoSansKR-Regular.otf */; };
		5E2C33F924B44E1A001F0FB4 /* SignUpCompleteVC.swift in Sources */ = {isa = PBXBuildFile; fileRef = 5E2C33F824B44E1A001F0FB4 /* SignUpCompleteVC.swift */; };
		5E35794C24AE37B300043066 /* UIViewController+Extension.swift in Sources */ = {isa = PBXBuildFile; fileRef = 5E35794B24AE37B300043066 /* UIViewController+Extension.swift */; };
		5E35794E24AE37D400043066 /* UIColor+Extension.swift in Sources */ = {isa = PBXBuildFile; fileRef = 5E35794D24AE37D400043066 /* UIColor+Extension.swift */; };
		5E35795024AE385500043066 /* UITextView+Extension.swift in Sources */ = {isa = PBXBuildFile; fileRef = 5E35794F24AE385500043066 /* UITextView+Extension.swift */; };
		5E35795224AE38A900043066 /* UIButton+Extension.swift in Sources */ = {isa = PBXBuildFile; fileRef = 5E35795124AE38A900043066 /* UIButton+Extension.swift */; };
		5E35795424AE38BE00043066 /* UIImageView+Extension.swift in Sources */ = {isa = PBXBuildFile; fileRef = 5E35795324AE38BE00043066 /* UIImageView+Extension.swift */; };
		5E35795624AE38D100043066 /* Date+Extension.swift in Sources */ = {isa = PBXBuildFile; fileRef = 5E35795524AE38D100043066 /* Date+Extension.swift */; };
		5E35795824AE38E900043066 /* UITableView+Extension.swift in Sources */ = {isa = PBXBuildFile; fileRef = 5E35795724AE38E900043066 /* UITableView+Extension.swift */; };
		5E35795A24AE38FC00043066 /* String+Extension.swift in Sources */ = {isa = PBXBuildFile; fileRef = 5E35795924AE38FC00043066 /* String+Extension.swift */; };
		5E35795C24AE391500043066 /* UITabBar+Extension.swift in Sources */ = {isa = PBXBuildFile; fileRef = 5E35795B24AE391500043066 /* UITabBar+Extension.swift */; };
		5E48BF1A24B1D7750060EA7B /* BrowseVC.swift in Sources */ = {isa = PBXBuildFile; fileRef = 5E48BF1924B1D7750060EA7B /* BrowseVC.swift */; };
		5E48BF1C24B1D77D0060EA7B /* Browse.storyboard in Resources */ = {isa = PBXBuildFile; fileRef = 5E48BF1B24B1D77D0060EA7B /* Browse.storyboard */; };
		5E48BF1F24B1D79D0060EA7B /* BrowseCVCell.swift in Sources */ = {isa = PBXBuildFile; fileRef = 5E48BF1D24B1D79D0060EA7B /* BrowseCVCell.swift */; };
		5E48BF2024B1D79D0060EA7B /* BrowseCVCell.xib in Resources */ = {isa = PBXBuildFile; fileRef = 5E48BF1E24B1D79D0060EA7B /* BrowseCVCell.xib */; };
		5E48BF2224B1D7BB0060EA7B /* PostVC.swift in Sources */ = {isa = PBXBuildFile; fileRef = 5E48BF2124B1D7BB0060EA7B /* PostVC.swift */; };
		5E48BF2424B1D7C20060EA7B /* Post.storyboard in Resources */ = {isa = PBXBuildFile; fileRef = 5E48BF2324B1D7C20060EA7B /* Post.storyboard */; };
		5E48BF2724B1D7DA0060EA7B /* PostCVCell.swift in Sources */ = {isa = PBXBuildFile; fileRef = 5E48BF2524B1D7DA0060EA7B /* PostCVCell.swift */; };
		5E48BF2824B1D7DA0060EA7B /* PostCVCell.xib in Resources */ = {isa = PBXBuildFile; fileRef = 5E48BF2624B1D7DA0060EA7B /* PostCVCell.xib */; };
		5E48BF2A24B1ED810060EA7B /* CustomTabBar.swift in Sources */ = {isa = PBXBuildFile; fileRef = 5E48BF2924B1ED810060EA7B /* CustomTabBar.swift */; };
		5E5A43A024B23DED0017BA29 /* CALayer+Extension.swift in Sources */ = {isa = PBXBuildFile; fileRef = 5E5A439F24B23DED0017BA29 /* CALayer+Extension.swift */; };
		5E69E88A24AC672D005D4DC1 /* ReferenceVC.swift in Sources */ = {isa = PBXBuildFile; fileRef = 5E69E88924AC672D005D4DC1 /* ReferenceVC.swift */; };
		5E69E88D24AC673E005D4DC1 /* Reference.storyboard in Resources */ = {isa = PBXBuildFile; fileRef = 5E69E88C24AC673E005D4DC1 /* Reference.storyboard */; };
		5E69E89124AC6769005D4DC1 /* ReferenceCVCell.swift in Sources */ = {isa = PBXBuildFile; fileRef = 5E69E88F24AC6769005D4DC1 /* ReferenceCVCell.swift */; };
		5E69E89224AC6769005D4DC1 /* ReferenceCVCell.xib in Resources */ = {isa = PBXBuildFile; fileRef = 5E69E89024AC6769005D4DC1 /* ReferenceCVCell.xib */; };
		5E69E89424AC6828005D4DC1 /* Model.swift in Sources */ = {isa = PBXBuildFile; fileRef = 5E69E89324AC6828005D4DC1 /* Model.swift */; };
		5E69E89624AC6833005D4DC1 /* Font+Enum.swift in Sources */ = {isa = PBXBuildFile; fileRef = 5E69E89524AC6833005D4DC1 /* Font+Enum.swift */; };
		5E69E89824AC685C005D4DC1 /* UIView+Extension.swift in Sources */ = {isa = PBXBuildFile; fileRef = 5E69E89724AC685C005D4DC1 /* UIView+Extension.swift */; };
		5E69E89A24AC689C005D4DC1 /* APIConstants.swift in Sources */ = {isa = PBXBuildFile; fileRef = 5E69E89924AC689C005D4DC1 /* APIConstants.swift */; };
		5E69E8A224AC6BF7005D4DC1 /* MainCell.swift in Sources */ = {isa = PBXBuildFile; fileRef = 5E69E8A124AC6BF7005D4DC1 /* MainCell.swift */; };
		5E69E8A424AC6C61005D4DC1 /* LoginVC.swift in Sources */ = {isa = PBXBuildFile; fileRef = 5E69E8A324AC6C61005D4DC1 /* LoginVC.swift */; };
		5E69E8A624AC6C97005D4DC1 /* Login.storyboard in Resources */ = {isa = PBXBuildFile; fileRef = 5E69E8A524AC6C97005D4DC1 /* Login.storyboard */; };
		5E69E8A824AC6CA1005D4DC1 /* LoginCell.swift in Sources */ = {isa = PBXBuildFile; fileRef = 5E69E8A724AC6CA1005D4DC1 /* LoginCell.swift */; };
		5E9236FA24B4387B00378C8C /* RegisterDetailVC.swift in Sources */ = {isa = PBXBuildFile; fileRef = 5E9236F924B4387B00378C8C /* RegisterDetailVC.swift */; };
		5EA0B01524B1D1A40051C352 /* TBC.swift in Sources */ = {isa = PBXBuildFile; fileRef = 5EA0B01424B1D1A40051C352 /* TBC.swift */; };
		5EA0B01724B1D1AC0051C352 /* TabBar.storyboard in Resources */ = {isa = PBXBuildFile; fileRef = 5EA0B01624B1D1AC0051C352 /* TabBar.storyboard */; };
		5EA889FF24B3BEE300C4CEC4 /* RegisterVC.swift in Sources */ = {isa = PBXBuildFile; fileRef = 5EA889FE24B3BEE300C4CEC4 /* RegisterVC.swift */; };
		5EA88A0124B3BEF600C4CEC4 /* Register.storyboard in Resources */ = {isa = PBXBuildFile; fileRef = 5EA88A0024B3BEF600C4CEC4 /* Register.storyboard */; };
		777B5C6D24B2698400B6514B /* BrowseCVCell + Constraint.swift in Sources */ = {isa = PBXBuildFile; fileRef = 777B5C6C24B2698400B6514B /* BrowseCVCell + Constraint.swift */; };
		777B5C6F24B273C000B6514B /* UpCarouselFlowLayout.swift in Sources */ = {isa = PBXBuildFile; fileRef = 777B5C6E24B273C000B6514B /* UpCarouselFlowLayout.swift */; };
		7FC9384E24AB1088002B0CA7 /* AppDelegate.swift in Sources */ = {isa = PBXBuildFile; fileRef = 7FC9384D24AB1088002B0CA7 /* AppDelegate.swift */; };
		7FC9385024AB1088002B0CA7 /* SceneDelegate.swift in Sources */ = {isa = PBXBuildFile; fileRef = 7FC9384F24AB1088002B0CA7 /* SceneDelegate.swift */; };
		7FC9385524AB1088002B0CA7 /* Main.storyboard in Resources */ = {isa = PBXBuildFile; fileRef = 7FC9385324AB1088002B0CA7 /* Main.storyboard */; };
		7FC9385724AB108A002B0CA7 /* Assets.xcassets in Resources */ = {isa = PBXBuildFile; fileRef = 7FC9385624AB108A002B0CA7 /* Assets.xcassets */; };
		7FC9385A24AB108A002B0CA7 /* LaunchScreen.storyboard in Resources */ = {isa = PBXBuildFile; fileRef = 7FC9385824AB108A002B0CA7 /* LaunchScreen.storyboard */; };
		7FD5B90D24B2DF71008D382F /* ReviewTableViewCell.swift in Sources */ = {isa = PBXBuildFile; fileRef = 7FD5B90B24B2DF71008D382F /* ReviewTableViewCell.swift */; };
		7FD5B90E24B2DF71008D382F /* ReviewTableViewCell.xib in Resources */ = {isa = PBXBuildFile; fileRef = 7FD5B90C24B2DF71008D382F /* ReviewTableViewCell.xib */; };
		7FD5B91F24B59DCA008D382F /* ProfileCell.swift in Sources */ = {isa = PBXBuildFile; fileRef = 7FD5B91E24B59DCA008D382F /* ProfileCell.swift */; };
		7FD5B92224B59E03008D382F /* HeaderCell.swift in Sources */ = {isa = PBXBuildFile; fileRef = 7FD5B92024B59E03008D382F /* HeaderCell.swift */; };
		7FD5B92324B59E03008D382F /* HeaderCell.xib in Resources */ = {isa = PBXBuildFile; fileRef = 7FD5B92124B59E03008D382F /* HeaderCell.xib */; };
		F248FD3F24B4727A0055D753 /* Product.swift in Sources */ = {isa = PBXBuildFile; fileRef = F248FD3E24B4727A0055D753 /* Product.swift */; };
		F248FD4024B4EB030055D753 /* HomeVC.swift in Sources */ = {isa = PBXBuildFile; fileRef = 7FD5B91724B466E8008D382F /* HomeVC.swift */; };
		F2940AD624B2548D003C3047 /* SearchVC.swift in Sources */ = {isa = PBXBuildFile; fileRef = F2940AD524B2548D003C3047 /* SearchVC.swift */; };
		F2940ADA24B2F180003C3047 /* PostSC.xib in Resources */ = {isa = PBXBuildFile; fileRef = F2940AD924B2F180003C3047 /* PostSC.xib */; };
		F2940ADE24B2F462003C3047 /* PostSC.swift in Sources */ = {isa = PBXBuildFile; fileRef = F2940ADD24B2F462003C3047 /* PostSC.swift */; };
		F29B7CCA24B364D00042089B /* PostNavVC.swift in Sources */ = {isa = PBXBuildFile; fileRef = F29B7CC924B364D00042089B /* PostNavVC.swift */; };
		F29B7CCC24B449AC0042089B /* SearchCollectVC.swift in Sources */ = {isa = PBXBuildFile; fileRef = F29B7CCB24B449AC0042089B /* SearchCollectVC.swift */; };
		F29B7CCE24B450F40042089B /* SearchCollectCell.swift in Sources */ = {isa = PBXBuildFile; fileRef = F29B7CCD24B450F40042089B /* SearchCollectCell.swift */; };
		F6389F4E06978797883A73B6 /* Pods_Ounce.framework in Frameworks */ = {isa = PBXBuildFile; fileRef = 9072743E170CFC1B996F65E9 /* Pods_Ounce.framework */; };
/* End PBXBuildFile section */

/* Begin PBXFileReference section */
		05423A96C27836670EC1ED86 /* Pods-Ounce.release.xcconfig */ = {isa = PBXFileReference; includeInIndex = 1; lastKnownFileType = text.xcconfig; name = "Pods-Ounce.release.xcconfig"; path = "Target Support Files/Pods-Ounce/Pods-Ounce.release.xcconfig"; sourceTree = "<group>"; };
		1E6D581E26C8D14A0B0C0DAC /* Pods-Ounce.debug.xcconfig */ = {isa = PBXFileReference; includeInIndex = 1; lastKnownFileType = text.xcconfig; name = "Pods-Ounce.debug.xcconfig"; path = "Target Support Files/Pods-Ounce/Pods-Ounce.debug.xcconfig"; sourceTree = "<group>"; };
		5E039CAA24AFFDA0009B1BC6 /* PasswordVC.swift */ = {isa = PBXFileReference; lastKnownFileType = sourcecode.swift; path = PasswordVC.swift; sourceTree = "<group>"; };
		5E039CAC24AFFDAE009B1BC6 /* EmailVC.swift */ = {isa = PBXFileReference; lastKnownFileType = sourcecode.swift; path = EmailVC.swift; sourceTree = "<group>"; };
		5E039CAE24AFFDBE009B1BC6 /* IDVC.swift */ = {isa = PBXFileReference; lastKnownFileType = sourcecode.swift; path = IDVC.swift; sourceTree = "<group>"; };
		5E039CB024AFFE9D009B1BC6 /* LoginVC+Constraint.swift */ = {isa = PBXFileReference; lastKnownFileType = sourcecode.swift; path = "LoginVC+Constraint.swift"; sourceTree = "<group>"; };
		5E039CB224AFFEAB009B1BC6 /* EmailVC+Constraint.swift */ = {isa = PBXFileReference; lastKnownFileType = sourcecode.swift; path = "EmailVC+Constraint.swift"; sourceTree = "<group>"; };
		5E039CB424AFFEBD009B1BC6 /* IDVC+Constraint.swift */ = {isa = PBXFileReference; lastKnownFileType = sourcecode.swift; path = "IDVC+Constraint.swift"; sourceTree = "<group>"; };
		5E039CB624AFFECF009B1BC6 /* Password+Constraint.swift */ = {isa = PBXFileReference; lastKnownFileType = sourcecode.swift; path = "Password+Constraint.swift"; sourceTree = "<group>"; };
		5E075D3124B0ABF30035C415 /* NotoSansKR-Medium.otf */ = {isa = PBXFileReference; lastKnownFileType = file; path = "NotoSansKR-Medium.otf"; sourceTree = "<group>"; };
		5E075D3224B0ABF40035C415 /* NotoSansKR-Thin.otf */ = {isa = PBXFileReference; lastKnownFileType = file; path = "NotoSansKR-Thin.otf"; sourceTree = "<group>"; };
		5E075D3324B0ABF40035C415 /* NotoSansKR-Light.otf */ = {isa = PBXFileReference; lastKnownFileType = file; path = "NotoSansKR-Light.otf"; sourceTree = "<group>"; };
		5E075D3424B0ABF50035C415 /* NotoSansKR-Bold.otf */ = {isa = PBXFileReference; lastKnownFileType = file; path = "NotoSansKR-Bold.otf"; sourceTree = "<group>"; };
		5E075D3524B0ABF60035C415 /* OFL.txt */ = {isa = PBXFileReference; fileEncoding = 4; lastKnownFileType = text; path = OFL.txt; sourceTree = "<group>"; };
		5E075D3624B0ABF60035C415 /* NotoSansKR-Black.otf */ = {isa = PBXFileReference; lastKnownFileType = file; path = "NotoSansKR-Black.otf"; sourceTree = "<group>"; };
		5E075D3724B0ABF70035C415 /* NotoSansKR-Regular.otf */ = {isa = PBXFileReference; lastKnownFileType = file; path = "NotoSansKR-Regular.otf"; sourceTree = "<group>"; };
		5E2C33F824B44E1A001F0FB4 /* SignUpCompleteVC.swift */ = {isa = PBXFileReference; lastKnownFileType = sourcecode.swift; path = SignUpCompleteVC.swift; sourceTree = "<group>"; };
		5E35794B24AE37B300043066 /* UIViewController+Extension.swift */ = {isa = PBXFileReference; lastKnownFileType = sourcecode.swift; path = "UIViewController+Extension.swift"; sourceTree = "<group>"; };
		5E35794D24AE37D400043066 /* UIColor+Extension.swift */ = {isa = PBXFileReference; lastKnownFileType = sourcecode.swift; path = "UIColor+Extension.swift"; sourceTree = "<group>"; };
		5E35794F24AE385500043066 /* UITextView+Extension.swift */ = {isa = PBXFileReference; lastKnownFileType = sourcecode.swift; path = "UITextView+Extension.swift"; sourceTree = "<group>"; };
		5E35795124AE38A900043066 /* UIButton+Extension.swift */ = {isa = PBXFileReference; lastKnownFileType = sourcecode.swift; path = "UIButton+Extension.swift"; sourceTree = "<group>"; };
		5E35795324AE38BE00043066 /* UIImageView+Extension.swift */ = {isa = PBXFileReference; lastKnownFileType = sourcecode.swift; path = "UIImageView+Extension.swift"; sourceTree = "<group>"; };
		5E35795524AE38D100043066 /* Date+Extension.swift */ = {isa = PBXFileReference; lastKnownFileType = sourcecode.swift; path = "Date+Extension.swift"; sourceTree = "<group>"; };
		5E35795724AE38E900043066 /* UITableView+Extension.swift */ = {isa = PBXFileReference; lastKnownFileType = sourcecode.swift; path = "UITableView+Extension.swift"; sourceTree = "<group>"; };
		5E35795924AE38FC00043066 /* String+Extension.swift */ = {isa = PBXFileReference; lastKnownFileType = sourcecode.swift; path = "String+Extension.swift"; sourceTree = "<group>"; };
		5E35795B24AE391500043066 /* UITabBar+Extension.swift */ = {isa = PBXFileReference; lastKnownFileType = sourcecode.swift; path = "UITabBar+Extension.swift"; sourceTree = "<group>"; };
		5E48BF1924B1D7750060EA7B /* BrowseVC.swift */ = {isa = PBXFileReference; lastKnownFileType = sourcecode.swift; path = BrowseVC.swift; sourceTree = "<group>"; };
		5E48BF1B24B1D77D0060EA7B /* Browse.storyboard */ = {isa = PBXFileReference; lastKnownFileType = file.storyboard; path = Browse.storyboard; sourceTree = "<group>"; };
		5E48BF1D24B1D79D0060EA7B /* BrowseCVCell.swift */ = {isa = PBXFileReference; lastKnownFileType = sourcecode.swift; path = BrowseCVCell.swift; sourceTree = "<group>"; };
		5E48BF1E24B1D79D0060EA7B /* BrowseCVCell.xib */ = {isa = PBXFileReference; lastKnownFileType = file.xib; path = BrowseCVCell.xib; sourceTree = "<group>"; };
		5E48BF2124B1D7BB0060EA7B /* PostVC.swift */ = {isa = PBXFileReference; lastKnownFileType = sourcecode.swift; path = PostVC.swift; sourceTree = "<group>"; };
		5E48BF2324B1D7C20060EA7B /* Post.storyboard */ = {isa = PBXFileReference; lastKnownFileType = file.storyboard; path = Post.storyboard; sourceTree = "<group>"; };
		5E48BF2524B1D7DA0060EA7B /* PostCVCell.swift */ = {isa = PBXFileReference; lastKnownFileType = sourcecode.swift; path = PostCVCell.swift; sourceTree = "<group>"; };
		5E48BF2624B1D7DA0060EA7B /* PostCVCell.xib */ = {isa = PBXFileReference; lastKnownFileType = file.xib; path = PostCVCell.xib; sourceTree = "<group>"; };
		5E48BF2924B1ED810060EA7B /* CustomTabBar.swift */ = {isa = PBXFileReference; lastKnownFileType = sourcecode.swift; path = CustomTabBar.swift; sourceTree = "<group>"; };
		5E5A439F24B23DED0017BA29 /* CALayer+Extension.swift */ = {isa = PBXFileReference; lastKnownFileType = sourcecode.swift; path = "CALayer+Extension.swift"; sourceTree = "<group>"; };
		5E69E88924AC672D005D4DC1 /* ReferenceVC.swift */ = {isa = PBXFileReference; lastKnownFileType = sourcecode.swift; path = ReferenceVC.swift; sourceTree = "<group>"; };
		5E69E88C24AC673E005D4DC1 /* Reference.storyboard */ = {isa = PBXFileReference; lastKnownFileType = file.storyboard; path = Reference.storyboard; sourceTree = "<group>"; };
		5E69E88F24AC6769005D4DC1 /* ReferenceCVCell.swift */ = {isa = PBXFileReference; lastKnownFileType = sourcecode.swift; path = ReferenceCVCell.swift; sourceTree = "<group>"; };
		5E69E89024AC6769005D4DC1 /* ReferenceCVCell.xib */ = {isa = PBXFileReference; lastKnownFileType = file.xib; path = ReferenceCVCell.xib; sourceTree = "<group>"; };
		5E69E89324AC6828005D4DC1 /* Model.swift */ = {isa = PBXFileReference; lastKnownFileType = sourcecode.swift; path = Model.swift; sourceTree = "<group>"; };
		5E69E89524AC6833005D4DC1 /* Font+Enum.swift */ = {isa = PBXFileReference; lastKnownFileType = sourcecode.swift; path = "Font+Enum.swift"; sourceTree = "<group>"; };
		5E69E89724AC685C005D4DC1 /* UIView+Extension.swift */ = {isa = PBXFileReference; lastKnownFileType = sourcecode.swift; path = "UIView+Extension.swift"; sourceTree = "<group>"; };
		5E69E89924AC689C005D4DC1 /* APIConstants.swift */ = {isa = PBXFileReference; lastKnownFileType = sourcecode.swift; path = APIConstants.swift; sourceTree = "<group>"; };
		5E69E8A124AC6BF7005D4DC1 /* MainCell.swift */ = {isa = PBXFileReference; lastKnownFileType = sourcecode.swift; path = MainCell.swift; sourceTree = "<group>"; };
		5E69E8A324AC6C61005D4DC1 /* LoginVC.swift */ = {isa = PBXFileReference; lastKnownFileType = sourcecode.swift; path = LoginVC.swift; sourceTree = "<group>"; };
		5E69E8A524AC6C97005D4DC1 /* Login.storyboard */ = {isa = PBXFileReference; lastKnownFileType = file.storyboard; path = Login.storyboard; sourceTree = "<group>"; };
		5E69E8A724AC6CA1005D4DC1 /* LoginCell.swift */ = {isa = PBXFileReference; lastKnownFileType = sourcecode.swift; path = LoginCell.swift; sourceTree = "<group>"; };
		5E9236F924B4387B00378C8C /* RegisterDetailVC.swift */ = {isa = PBXFileReference; lastKnownFileType = sourcecode.swift; path = RegisterDetailVC.swift; sourceTree = "<group>"; };
		5EA0B01424B1D1A40051C352 /* TBC.swift */ = {isa = PBXFileReference; lastKnownFileType = sourcecode.swift; path = TBC.swift; sourceTree = "<group>"; };
		5EA0B01624B1D1AC0051C352 /* TabBar.storyboard */ = {isa = PBXFileReference; lastKnownFileType = file.storyboard; path = TabBar.storyboard; sourceTree = "<group>"; };
		5EA889FE24B3BEE300C4CEC4 /* RegisterVC.swift */ = {isa = PBXFileReference; lastKnownFileType = sourcecode.swift; path = RegisterVC.swift; sourceTree = "<group>"; };
		5EA88A0024B3BEF600C4CEC4 /* Register.storyboard */ = {isa = PBXFileReference; lastKnownFileType = file.storyboard; path = Register.storyboard; sourceTree = "<group>"; };
		777B5C6C24B2698400B6514B /* BrowseCVCell + Constraint.swift */ = {isa = PBXFileReference; lastKnownFileType = sourcecode.swift; path = "BrowseCVCell + Constraint.swift"; sourceTree = "<group>"; };
		777B5C6E24B273C000B6514B /* UpCarouselFlowLayout.swift */ = {isa = PBXFileReference; lastKnownFileType = sourcecode.swift; path = UpCarouselFlowLayout.swift; sourceTree = "<group>"; };
		7FC9384A24AB1088002B0CA7 /* Ounce.app */ = {isa = PBXFileReference; explicitFileType = wrapper.application; includeInIndex = 0; path = Ounce.app; sourceTree = BUILT_PRODUCTS_DIR; };
		7FC9384D24AB1088002B0CA7 /* AppDelegate.swift */ = {isa = PBXFileReference; lastKnownFileType = sourcecode.swift; path = AppDelegate.swift; sourceTree = "<group>"; };
		7FC9384F24AB1088002B0CA7 /* SceneDelegate.swift */ = {isa = PBXFileReference; lastKnownFileType = sourcecode.swift; path = SceneDelegate.swift; sourceTree = "<group>"; };
		7FC9385424AB1088002B0CA7 /* Base */ = {isa = PBXFileReference; lastKnownFileType = file.storyboard; name = Base; path = Base.lproj/Main.storyboard; sourceTree = "<group>"; };
		7FC9385624AB108A002B0CA7 /* Assets.xcassets */ = {isa = PBXFileReference; lastKnownFileType = folder.assetcatalog; path = Assets.xcassets; sourceTree = "<group>"; };
		7FC9385924AB108A002B0CA7 /* Base */ = {isa = PBXFileReference; lastKnownFileType = file.storyboard; name = Base; path = Base.lproj/LaunchScreen.storyboard; sourceTree = "<group>"; };
		7FC9385B24AB108A002B0CA7 /* Info.plist */ = {isa = PBXFileReference; lastKnownFileType = text.plist.xml; path = Info.plist; sourceTree = "<group>"; };
		7FD5B90B24B2DF71008D382F /* ReviewTableViewCell.swift */ = {isa = PBXFileReference; lastKnownFileType = sourcecode.swift; path = ReviewTableViewCell.swift; sourceTree = "<group>"; };
		7FD5B90C24B2DF71008D382F /* ReviewTableViewCell.xib */ = {isa = PBXFileReference; lastKnownFileType = file.xib; path = ReviewTableViewCell.xib; sourceTree = "<group>"; };
		7FD5B91724B466E8008D382F /* HomeVC.swift */ = {isa = PBXFileReference; lastKnownFileType = sourcecode.swift; name = HomeVC.swift; path = Ounce/Secene/Main/Stroyboards/HomeVC.swift; sourceTree = SOURCE_ROOT; };
		7FD5B91E24B59DCA008D382F /* ProfileCell.swift */ = {isa = PBXFileReference; lastKnownFileType = sourcecode.swift; path = ProfileCell.swift; sourceTree = "<group>"; };
		7FD5B92024B59E03008D382F /* HeaderCell.swift */ = {isa = PBXFileReference; lastKnownFileType = sourcecode.swift; path = HeaderCell.swift; sourceTree = "<group>"; };
		7FD5B92124B59E03008D382F /* HeaderCell.xib */ = {isa = PBXFileReference; lastKnownFileType = file.xib; path = HeaderCell.xib; sourceTree = "<group>"; };
		9072743E170CFC1B996F65E9 /* Pods_Ounce.framework */ = {isa = PBXFileReference; explicitFileType = wrapper.framework; includeInIndex = 0; path = Pods_Ounce.framework; sourceTree = BUILT_PRODUCTS_DIR; };
		F248FD3E24B4727A0055D753 /* Product.swift */ = {isa = PBXFileReference; lastKnownFileType = sourcecode.swift; path = Product.swift; sourceTree = "<group>"; };
		F2940AD524B2548D003C3047 /* SearchVC.swift */ = {isa = PBXFileReference; lastKnownFileType = sourcecode.swift; path = SearchVC.swift; sourceTree = "<group>"; };
		F2940AD924B2F180003C3047 /* PostSC.xib */ = {isa = PBXFileReference; lastKnownFileType = file.xib; path = PostSC.xib; sourceTree = "<group>"; };
		F2940ADD24B2F462003C3047 /* PostSC.swift */ = {isa = PBXFileReference; lastKnownFileType = sourcecode.swift; path = PostSC.swift; sourceTree = "<group>"; };
		F29B7CC924B364D00042089B /* PostNavVC.swift */ = {isa = PBXFileReference; lastKnownFileType = sourcecode.swift; path = PostNavVC.swift; sourceTree = "<group>"; };
		F29B7CCB24B449AC0042089B /* SearchCollectVC.swift */ = {isa = PBXFileReference; lastKnownFileType = sourcecode.swift; path = SearchCollectVC.swift; sourceTree = "<group>"; };
		F29B7CCD24B450F40042089B /* SearchCollectCell.swift */ = {isa = PBXFileReference; lastKnownFileType = sourcecode.swift; path = SearchCollectCell.swift; sourceTree = "<group>"; };
/* End PBXFileReference section */

/* Begin PBXFrameworksBuildPhase section */
		7FC9384724AB1088002B0CA7 /* Frameworks */ = {
			isa = PBXFrameworksBuildPhase;
			buildActionMask = 2147483647;
			files = (
				F6389F4E06978797883A73B6 /* Pods_Ounce.framework in Frameworks */,
			);
			runOnlyForDeploymentPostprocessing = 0;
		};
/* End PBXFrameworksBuildPhase section */

/* Begin PBXGroup section */
		5510193DCDB8BFBD99E99B0D /* Frameworks */ = {
			isa = PBXGroup;
			children = (
				9072743E170CFC1B996F65E9 /* Pods_Ounce.framework */,
			);
			name = Frameworks;
			sourceTree = "<group>";
		};
		5E075D3024B0ABE20035C415 /* Font */ = {
			isa = PBXGroup;
			children = (
				5E075D3624B0ABF60035C415 /* NotoSansKR-Black.otf */,
				5E075D3424B0ABF50035C415 /* NotoSansKR-Bold.otf */,
				5E075D3324B0ABF40035C415 /* NotoSansKR-Light.otf */,
				5E075D3124B0ABF30035C415 /* NotoSansKR-Medium.otf */,
				5E075D3724B0ABF70035C415 /* NotoSansKR-Regular.otf */,
				5E075D3224B0ABF40035C415 /* NotoSansKR-Thin.otf */,
				5E075D3524B0ABF60035C415 /* OFL.txt */,
			);
			path = Font;
			sourceTree = "<group>";
		};
		5E48BF1124B1D6F30060EA7B /* Post */ = {
			isa = PBXGroup;
			children = (
				5E48BF1224B1D6F90060EA7B /* Cells */,
				5E48BF1324B1D6FD0060EA7B /* Storyboards */,
				5E48BF1424B1D7030060EA7B /* ViewControllers */,
			);
			path = Post;
			sourceTree = "<group>";
		};
		5E48BF1224B1D6F90060EA7B /* Cells */ = {
			isa = PBXGroup;
			children = (
				5E48BF2524B1D7DA0060EA7B /* PostCVCell.swift */,
				5E48BF2624B1D7DA0060EA7B /* PostCVCell.xib */,
				F29B7CCD24B450F40042089B /* SearchCollectCell.swift */,
				F248FD3E24B4727A0055D753 /* Product.swift */,
			);
			path = Cells;
			sourceTree = "<group>";
		};
		5E48BF1324B1D6FD0060EA7B /* Storyboards */ = {
			isa = PBXGroup;
			children = (
				5E48BF2324B1D7C20060EA7B /* Post.storyboard */,
				F2940AD924B2F180003C3047 /* PostSC.xib */,
			);
			path = Storyboards;
			sourceTree = "<group>";
		};
		5E48BF1424B1D7030060EA7B /* ViewControllers */ = {
			isa = PBXGroup;
			children = (
				5E48BF2124B1D7BB0060EA7B /* PostVC.swift */,
				F2940AD524B2548D003C3047 /* SearchVC.swift */,
				F2940ADD24B2F462003C3047 /* PostSC.swift */,
				F29B7CC924B364D00042089B /* PostNavVC.swift */,
				F29B7CCB24B449AC0042089B /* SearchCollectVC.swift */,
			);
			path = ViewControllers;
			sourceTree = "<group>";
		};
		5E48BF1524B1D70C0060EA7B /* Cells */ = {
			isa = PBXGroup;
			children = (
				5E48BF1D24B1D79D0060EA7B /* BrowseCVCell.swift */,
				5E48BF1E24B1D79D0060EA7B /* BrowseCVCell.xib */,
				777B5C6C24B2698400B6514B /* BrowseCVCell + Constraint.swift */,
			);
			path = Cells;
			sourceTree = "<group>";
		};
		5E48BF1624B1D70E0060EA7B /* Storyboards */ = {
			isa = PBXGroup;
			children = (
				5E48BF1B24B1D77D0060EA7B /* Browse.storyboard */,
			);
			path = Storyboards;
			sourceTree = "<group>";
		};
		5E48BF1724B1D7140060EA7B /* ViewControllers */ = {
			isa = PBXGroup;
			children = (
				5E48BF1924B1D7750060EA7B /* BrowseVC.swift */,
				777B5C6E24B273C000B6514B /* UpCarouselFlowLayout.swift */,
			);
			path = ViewControllers;
			sourceTree = "<group>";
		};
		5E69E87924AC666F005D4DC1 /* Example+Reference */ = {
			isa = PBXGroup;
			children = (
				5E69E88724AC6707005D4DC1 /* Cells */,
				5E69E88624AC66FD005D4DC1 /* ViewControllers */,
				5E69E88524AC66F5005D4DC1 /* Storyboards */,
			);
			path = "Example+Reference";
			sourceTree = "<group>";
		};
		5E69E87A24AC667F005D4DC1 /* Global */ = {
			isa = PBXGroup;
			children = (
				5E69E87C24AC66A5005D4DC1 /* Delegate */,
				5E69E87E24AC66AD005D4DC1 /* Enums */,
				5E69E87D24AC66A9005D4DC1 /* Extensions */,
				5E69E87F24AC66AF005D4DC1 /* Models */,
				5E69E88024AC66B8005D4DC1 /* Resources */,
				5E69E88124AC66C1005D4DC1 /* Services */,
				5E69E88224AC66CD005D4DC1 /* Supporting Files */,
			);
			path = Global;
			sourceTree = "<group>";
		};
		5E69E87B24AC668B005D4DC1 /* Secene */ = {
			isa = PBXGroup;
			children = (
				5EA889FA24B3BCAB00C4CEC4 /* Register */,
				5E48BF1124B1D6F30060EA7B /* Post */,
				5EA0B01324B1D1280051C352 /* Browse */,
				5EA0B01224B1D1220051C352 /* TabBar */,
				5E69E88424AC66D6005D4DC1 /* Login */,
				5E69E88324AC66D0005D4DC1 /* Main */,
			);
			path = Secene;
			sourceTree = "<group>";
		};
		5E69E87C24AC66A5005D4DC1 /* Delegate */ = {
			isa = PBXGroup;
			children = (
				7FC9384D24AB1088002B0CA7 /* AppDelegate.swift */,
				7FC9384F24AB1088002B0CA7 /* SceneDelegate.swift */,
			);
			path = Delegate;
			sourceTree = "<group>";
		};
		5E69E87D24AC66A9005D4DC1 /* Extensions */ = {
			isa = PBXGroup;
			children = (
				5E69E89724AC685C005D4DC1 /* UIView+Extension.swift */,
				5E35794B24AE37B300043066 /* UIViewController+Extension.swift */,
				5E35794D24AE37D400043066 /* UIColor+Extension.swift */,
				5E35794F24AE385500043066 /* UITextView+Extension.swift */,
				5E35795124AE38A900043066 /* UIButton+Extension.swift */,
				5E35795324AE38BE00043066 /* UIImageView+Extension.swift */,
				5E35795524AE38D100043066 /* Date+Extension.swift */,
				5E35795724AE38E900043066 /* UITableView+Extension.swift */,
				5E35795924AE38FC00043066 /* String+Extension.swift */,
				5E35795B24AE391500043066 /* UITabBar+Extension.swift */,
				5E5A439F24B23DED0017BA29 /* CALayer+Extension.swift */,
			);
			path = Extensions;
			sourceTree = "<group>";
		};
		5E69E87E24AC66AD005D4DC1 /* Enums */ = {
			isa = PBXGroup;
			children = (
				5E69E89524AC6833005D4DC1 /* Font+Enum.swift */,
			);
			path = Enums;
			sourceTree = "<group>";
		};
		5E69E87F24AC66AF005D4DC1 /* Models */ = {
			isa = PBXGroup;
			children = (
				5E69E89324AC6828005D4DC1 /* Model.swift */,
			);
			path = Models;
			sourceTree = "<group>";
		};
		5E69E88024AC66B8005D4DC1 /* Resources */ = {
			isa = PBXGroup;
			children = (
				5E075D3024B0ABE20035C415 /* Font */,
				7FC9385624AB108A002B0CA7 /* Assets.xcassets */,
				7FC9385824AB108A002B0CA7 /* LaunchScreen.storyboard */,
			);
			path = Resources;
			sourceTree = "<group>";
		};
		5E69E88124AC66C1005D4DC1 /* Services */ = {
			isa = PBXGroup;
			children = (
				5E69E89924AC689C005D4DC1 /* APIConstants.swift */,
			);
			path = Services;
			sourceTree = "<group>";
		};
		5E69E88224AC66CD005D4DC1 /* Supporting Files */ = {
			isa = PBXGroup;
			children = (
				7FC9385B24AB108A002B0CA7 /* Info.plist */,
			);
			path = "Supporting Files";
			sourceTree = "<group>";
		};
		5E69E88324AC66D0005D4DC1 /* Main */ = {
			isa = PBXGroup;
			children = (
				5E69E89B24AC6BC0005D4DC1 /* Cells */,
				5E69E89C24AC6BC4005D4DC1 /* Stroyboards */,
				5E69E89D24AC6BC9005D4DC1 /* ViewControllers */,
			);
			path = Main;
			sourceTree = "<group>";
		};
		5E69E88424AC66D6005D4DC1 /* Login */ = {
			isa = PBXGroup;
			children = (
				5E69E8A024AC6BE0005D4DC1 /* Cells */,
				5E69E89F24AC6BDB005D4DC1 /* Stroyboards */,
				5E69E89E24AC6BD5005D4DC1 /* ViewControllers */,
			);
			path = Login;
			sourceTree = "<group>";
		};
		5E69E88524AC66F5005D4DC1 /* Storyboards */ = {
			isa = PBXGroup;
			children = (
				5E69E88C24AC673E005D4DC1 /* Reference.storyboard */,
			);
			path = Storyboards;
			sourceTree = "<group>";
		};
		5E69E88624AC66FD005D4DC1 /* ViewControllers */ = {
			isa = PBXGroup;
			children = (
				5E69E88924AC672D005D4DC1 /* ReferenceVC.swift */,
			);
			path = ViewControllers;
			sourceTree = "<group>";
		};
		5E69E88724AC6707005D4DC1 /* Cells */ = {
			isa = PBXGroup;
			children = (
				5E69E88F24AC6769005D4DC1 /* ReferenceCVCell.swift */,
				5E69E89024AC6769005D4DC1 /* ReferenceCVCell.xib */,
			);
			path = Cells;
			sourceTree = "<group>";
		};
		5E69E89B24AC6BC0005D4DC1 /* Cells */ = {
			isa = PBXGroup;
			children = (
				5E69E8A124AC6BF7005D4DC1 /* MainCell.swift */,
				7FD5B90B24B2DF71008D382F /* ReviewTableViewCell.swift */,
				7FD5B90C24B2DF71008D382F /* ReviewTableViewCell.xib */,
				7FD5B91E24B59DCA008D382F /* ProfileCell.swift */,
				7FD5B92024B59E03008D382F /* HeaderCell.swift */,
				7FD5B92124B59E03008D382F /* HeaderCell.xib */,
			);
			path = Cells;
			sourceTree = "<group>";
		};
		5E69E89C24AC6BC4005D4DC1 /* Stroyboards */ = {
			isa = PBXGroup;
			children = (
				7FC9385324AB1088002B0CA7 /* Main.storyboard */,
			);
			path = Stroyboards;
			sourceTree = "<group>";
		};
		5E69E89D24AC6BC9005D4DC1 /* ViewControllers */ = {
			isa = PBXGroup;
			children = (
				7FD5B91724B466E8008D382F /* HomeVC.swift */,
			);
			path = ViewControllers;
			sourceTree = "<group>";
		};
		5E69E89E24AC6BD5005D4DC1 /* ViewControllers */ = {
			isa = PBXGroup;
			children = (
				5E69E8A324AC6C61005D4DC1 /* LoginVC.swift */,
				5E039CB024AFFE9D009B1BC6 /* LoginVC+Constraint.swift */,
				5E039CAC24AFFDAE009B1BC6 /* EmailVC.swift */,
				5E039CB224AFFEAB009B1BC6 /* EmailVC+Constraint.swift */,
				5E039CAE24AFFDBE009B1BC6 /* IDVC.swift */,
				5E039CB424AFFEBD009B1BC6 /* IDVC+Constraint.swift */,
				5E039CAA24AFFDA0009B1BC6 /* PasswordVC.swift */,
				5E039CB624AFFECF009B1BC6 /* Password+Constraint.swift */,
				5E2C33F824B44E1A001F0FB4 /* SignUpCompleteVC.swift */,
			);
			path = ViewControllers;
			sourceTree = "<group>";
		};
		5E69E89F24AC6BDB005D4DC1 /* Stroyboards */ = {
			isa = PBXGroup;
			children = (
				5E69E8A524AC6C97005D4DC1 /* Login.storyboard */,
			);
			path = Stroyboards;
			sourceTree = "<group>";
		};
		5E69E8A024AC6BE0005D4DC1 /* Cells */ = {
			isa = PBXGroup;
			children = (
				5E69E8A724AC6CA1005D4DC1 /* LoginCell.swift */,
			);
			path = Cells;
			sourceTree = "<group>";
		};
		5EA0B01224B1D1220051C352 /* TabBar */ = {
			isa = PBXGroup;
			children = (
				5EA0B01424B1D1A40051C352 /* TBC.swift */,
				5EA0B01624B1D1AC0051C352 /* TabBar.storyboard */,
				5E48BF2924B1ED810060EA7B /* CustomTabBar.swift */,
			);
			path = TabBar;
			sourceTree = "<group>";
		};
		5EA0B01324B1D1280051C352 /* Browse */ = {
			isa = PBXGroup;
			children = (
				5E48BF1524B1D70C0060EA7B /* Cells */,
				5E48BF1624B1D70E0060EA7B /* Storyboards */,
				5E48BF1724B1D7140060EA7B /* ViewControllers */,
			);
			path = Browse;
			sourceTree = "<group>";
		};
		5EA889FA24B3BCAB00C4CEC4 /* Register */ = {
			isa = PBXGroup;
			children = (
				5EA889FC24B3BEAA00C4CEC4 /* Storyboards */,
				5EA889FB24B3BEA300C4CEC4 /* ViewControllers */,
			);
			path = Register;
			sourceTree = "<group>";
		};
		5EA889FB24B3BEA300C4CEC4 /* ViewControllers */ = {
			isa = PBXGroup;
			children = (
				5EA889FE24B3BEE300C4CEC4 /* RegisterVC.swift */,
				5E9236F924B4387B00378C8C /* RegisterDetailVC.swift */,
			);
			path = ViewControllers;
			sourceTree = "<group>";
		};
		5EA889FC24B3BEAA00C4CEC4 /* Storyboards */ = {
			isa = PBXGroup;
			children = (
				5EA88A0024B3BEF600C4CEC4 /* Register.storyboard */,
			);
			path = Storyboards;
			sourceTree = "<group>";
		};
		7FC9384124AB1088002B0CA7 = {
			isa = PBXGroup;
			children = (
				7FC9384C24AB1088002B0CA7 /* Ounce */,
				7FC9384B24AB1088002B0CA7 /* Products */,
				841A5A0BC87E7676B80434DD /* Pods */,
				5510193DCDB8BFBD99E99B0D /* Frameworks */,
			);
			sourceTree = "<group>";
		};
		7FC9384B24AB1088002B0CA7 /* Products */ = {
			isa = PBXGroup;
			children = (
				7FC9384A24AB1088002B0CA7 /* Ounce.app */,
			);
			name = Products;
			sourceTree = "<group>";
		};
		7FC9384C24AB1088002B0CA7 /* Ounce */ = {
			isa = PBXGroup;
			children = (
				5E69E87924AC666F005D4DC1 /* Example+Reference */,
				5E69E87A24AC667F005D4DC1 /* Global */,
				5E69E87B24AC668B005D4DC1 /* Secene */,
			);
			path = Ounce;
			sourceTree = "<group>";
		};
		841A5A0BC87E7676B80434DD /* Pods */ = {
			isa = PBXGroup;
			children = (
				1E6D581E26C8D14A0B0C0DAC /* Pods-Ounce.debug.xcconfig */,
				05423A96C27836670EC1ED86 /* Pods-Ounce.release.xcconfig */,
			);
			path = Pods;
			sourceTree = "<group>";
		};
/* End PBXGroup section */

/* Begin PBXNativeTarget section */
		7FC9384924AB1088002B0CA7 /* Ounce */ = {
			isa = PBXNativeTarget;
			buildConfigurationList = 7FC9385E24AB108A002B0CA7 /* Build configuration list for PBXNativeTarget "Ounce" */;
			buildPhases = (
				AAF49B8E0D4A37F2583B9C22 /* [CP] Check Pods Manifest.lock */,
				7FC9384624AB1088002B0CA7 /* Sources */,
				7FC9384724AB1088002B0CA7 /* Frameworks */,
				7FC9384824AB1088002B0CA7 /* Resources */,
				A6E9DB0371C6D70BDF223B2E /* [CP] Embed Pods Frameworks */,
			);
			buildRules = (
			);
			dependencies = (
			);
			name = Ounce;
			productName = Ounce;
			productReference = 7FC9384A24AB1088002B0CA7 /* Ounce.app */;
			productType = "com.apple.product-type.application";
		};
/* End PBXNativeTarget section */

/* Begin PBXProject section */
		7FC9384224AB1088002B0CA7 /* Project object */ = {
			isa = PBXProject;
			attributes = {
				LastSwiftUpdateCheck = 1150;
				LastUpgradeCheck = 1150;
				ORGANIZATIONNAME = "박주연";
				TargetAttributes = {
					7FC9384924AB1088002B0CA7 = {
						CreatedOnToolsVersion = 11.5;
					};
				};
			};
			buildConfigurationList = 7FC9384524AB1088002B0CA7 /* Build configuration list for PBXProject "Ounce" */;
			compatibilityVersion = "Xcode 9.3";
			developmentRegion = en;
			hasScannedForEncodings = 0;
			knownRegions = (
				en,
				Base,
			);
			mainGroup = 7FC9384124AB1088002B0CA7;
			productRefGroup = 7FC9384B24AB1088002B0CA7 /* Products */;
			projectDirPath = "";
			projectRoot = "";
			targets = (
				7FC9384924AB1088002B0CA7 /* Ounce */,
			);
		};
/* End PBXProject section */

/* Begin PBXResourcesBuildPhase section */
		7FC9384824AB1088002B0CA7 /* Resources */ = {
			isa = PBXResourcesBuildPhase;
			buildActionMask = 2147483647;
			files = (
				5E48BF2824B1D7DA0060EA7B /* PostCVCell.xib in Resources */,
				5E69E89224AC6769005D4DC1 /* ReferenceCVCell.xib in Resources */,
				5EA88A0124B3BEF600C4CEC4 /* Register.storyboard in Resources */,
				7FD5B90E24B2DF71008D382F /* ReviewTableViewCell.xib in Resources */,
				5E075D3E24B0ABF70035C415 /* NotoSansKR-Regular.otf in Resources */,
				5E075D3C24B0ABF70035C415 /* OFL.txt in Resources */,
				7FC9385A24AB108A002B0CA7 /* LaunchScreen.storyboard in Resources */,
				5E075D3D24B0ABF70035C415 /* NotoSansKR-Black.otf in Resources */,
				5EA0B01724B1D1AC0051C352 /* TabBar.storyboard in Resources */,
				5E48BF1C24B1D77D0060EA7B /* Browse.storyboard in Resources */,
				7FD5B92324B59E03008D382F /* HeaderCell.xib in Resources */,
				5E075D3824B0ABF70035C415 /* NotoSansKR-Medium.otf in Resources */,
				5E69E8A624AC6C97005D4DC1 /* Login.storyboard in Resources */,
				5E075D3B24B0ABF70035C415 /* NotoSansKR-Bold.otf in Resources */,
				5E075D3924B0ABF70035C415 /* NotoSansKR-Thin.otf in Resources */,
				7FC9385724AB108A002B0CA7 /* Assets.xcassets in Resources */,
				F2940ADA24B2F180003C3047 /* PostSC.xib in Resources */,
				5E48BF2024B1D79D0060EA7B /* BrowseCVCell.xib in Resources */,
				5E075D3A24B0ABF70035C415 /* NotoSansKR-Light.otf in Resources */,
				5E69E88D24AC673E005D4DC1 /* Reference.storyboard in Resources */,
				5E48BF2424B1D7C20060EA7B /* Post.storyboard in Resources */,
				7FC9385524AB1088002B0CA7 /* Main.storyboard in Resources */,
			);
			runOnlyForDeploymentPostprocessing = 0;
		};
/* End PBXResourcesBuildPhase section */

/* Begin PBXShellScriptBuildPhase section */
		A6E9DB0371C6D70BDF223B2E /* [CP] Embed Pods Frameworks */ = {
			isa = PBXShellScriptBuildPhase;
			buildActionMask = 2147483647;
			files = (
			);
			inputFileListPaths = (
				"${PODS_ROOT}/Target Support Files/Pods-Ounce/Pods-Ounce-frameworks-${CONFIGURATION}-input-files.xcfilelist",
			);
			name = "[CP] Embed Pods Frameworks";
			outputFileListPaths = (
				"${PODS_ROOT}/Target Support Files/Pods-Ounce/Pods-Ounce-frameworks-${CONFIGURATION}-output-files.xcfilelist",
			);
			runOnlyForDeploymentPostprocessing = 0;
			shellPath = /bin/sh;
			shellScript = "\"${PODS_ROOT}/Target Support Files/Pods-Ounce/Pods-Ounce-frameworks.sh\"\n";
			showEnvVarsInLog = 0;
		};
		AAF49B8E0D4A37F2583B9C22 /* [CP] Check Pods Manifest.lock */ = {
			isa = PBXShellScriptBuildPhase;
			buildActionMask = 2147483647;
			files = (
			);
			inputFileListPaths = (
			);
			inputPaths = (
				"${PODS_PODFILE_DIR_PATH}/Podfile.lock",
				"${PODS_ROOT}/Manifest.lock",
			);
			name = "[CP] Check Pods Manifest.lock";
			outputFileListPaths = (
			);
			outputPaths = (
				"$(DERIVED_FILE_DIR)/Pods-Ounce-checkManifestLockResult.txt",
			);
			runOnlyForDeploymentPostprocessing = 0;
			shellPath = /bin/sh;
			shellScript = "diff \"${PODS_PODFILE_DIR_PATH}/Podfile.lock\" \"${PODS_ROOT}/Manifest.lock\" > /dev/null\nif [ $? != 0 ] ; then\n    # print error to STDERR\n    echo \"error: The sandbox is not in sync with the Podfile.lock. Run 'pod install' or update your CocoaPods installation.\" >&2\n    exit 1\nfi\n# This output is used by Xcode 'outputs' to avoid re-running this script phase.\necho \"SUCCESS\" > \"${SCRIPT_OUTPUT_FILE_0}\"\n";
			showEnvVarsInLog = 0;
		};
/* End PBXShellScriptBuildPhase section */

/* Begin PBXSourcesBuildPhase section */
		7FC9384624AB1088002B0CA7 /* Sources */ = {
			isa = PBXSourcesBuildPhase;
			buildActionMask = 2147483647;
			files = (
				5E69E8A424AC6C61005D4DC1 /* LoginVC.swift in Sources */,
				5E35794C24AE37B300043066 /* UIViewController+Extension.swift in Sources */,
				777B5C6F24B273C000B6514B /* UpCarouselFlowLayout.swift in Sources */,
				5E35795824AE38E900043066 /* UITableView+Extension.swift in Sources */,
				5EA0B01524B1D1A40051C352 /* TBC.swift in Sources */,
				F248FD3F24B4727A0055D753 /* Product.swift in Sources */,
				5E5A43A024B23DED0017BA29 /* CALayer+Extension.swift in Sources */,
				5E039CAB24AFFDA0009B1BC6 /* PasswordVC.swift in Sources */,
				5E69E89124AC6769005D4DC1 /* ReferenceCVCell.swift in Sources */,
				5E48BF2224B1D7BB0060EA7B /* PostVC.swift in Sources */,
				5E35795C24AE391500043066 /* UITabBar+Extension.swift in Sources */,
				5E48BF2A24B1ED810060EA7B /* CustomTabBar.swift in Sources */,
				5EA889FF24B3BEE300C4CEC4 /* RegisterVC.swift in Sources */,
				5E9236FA24B4387B00378C8C /* RegisterDetailVC.swift in Sources */,
				5E69E88A24AC672D005D4DC1 /* ReferenceVC.swift in Sources */,
				5E69E89824AC685C005D4DC1 /* UIView+Extension.swift in Sources */,
				5E35795224AE38A900043066 /* UIButton+Extension.swift in Sources */,
				5E35795A24AE38FC00043066 /* String+Extension.swift in Sources */,
				5E039CB124AFFE9D009B1BC6 /* LoginVC+Constraint.swift in Sources */,
				5E69E8A224AC6BF7005D4DC1 /* MainCell.swift in Sources */,
				F2940ADE24B2F462003C3047 /* PostSC.swift in Sources */,
				5E35794E24AE37D400043066 /* UIColor+Extension.swift in Sources */,
				5E35795024AE385500043066 /* UITextView+Extension.swift in Sources */,
				5E039CB724AFFECF009B1BC6 /* Password+Constraint.swift in Sources */,
				5E69E89424AC6828005D4DC1 /* Model.swift in Sources */,
				5E2C33F924B44E1A001F0FB4 /* SignUpCompleteVC.swift in Sources */,
				F29B7CCC24B449AC0042089B /* SearchCollectVC.swift in Sources */,
				5E69E89A24AC689C005D4DC1 /* APIConstants.swift in Sources */,
				5E69E89624AC6833005D4DC1 /* Font+Enum.swift in Sources */,
				7FC9384E24AB1088002B0CA7 /* AppDelegate.swift in Sources */,
				5E48BF2724B1D7DA0060EA7B /* PostCVCell.swift in Sources */,
				F248FD4024B4EB030055D753 /* HomeVC.swift in Sources */,
				7FC9385024AB1088002B0CA7 /* SceneDelegate.swift in Sources */,
				5E039CAF24AFFDBE009B1BC6 /* IDVC.swift in Sources */,
				5E35795424AE38BE00043066 /* UIImageView+Extension.swift in Sources */,
				F29B7CCE24B450F40042089B /* SearchCollectCell.swift in Sources */,
				5E69E8A824AC6CA1005D4DC1 /* LoginCell.swift in Sources */,
				5E039CB524AFFEBD009B1BC6 /* IDVC+Constraint.swift in Sources */,
				777B5C6D24B2698400B6514B /* BrowseCVCell + Constraint.swift in Sources */,
				5E48BF1F24B1D79D0060EA7B /* BrowseCVCell.swift in Sources */,
				5E35795624AE38D100043066 /* Date+Extension.swift in Sources */,
				5E039CB324AFFEAB009B1BC6 /* EmailVC+Constraint.swift in Sources */,
				7FD5B90D24B2DF71008D382F /* ReviewTableViewCell.swift in Sources */,
				5E48BF1A24B1D7750060EA7B /* BrowseVC.swift in Sources */,
				F29B7CCA24B364D00042089B /* PostNavVC.swift in Sources */,
				7FD5B91F24B59DCA008D382F /* ProfileCell.swift in Sources */,
				F2940AD624B2548D003C3047 /* SearchVC.swift in Sources */,
				5E039CAD24AFFDAE009B1BC6 /* EmailVC.swift in Sources */,
				7FD5B92224B59E03008D382F /* HeaderCell.swift in Sources */,
			);
			runOnlyForDeploymentPostprocessing = 0;
		};
/* End PBXSourcesBuildPhase section */

/* Begin PBXVariantGroup section */
		7FC9385324AB1088002B0CA7 /* Main.storyboard */ = {
			isa = PBXVariantGroup;
			children = (
				7FC9385424AB1088002B0CA7 /* Base */,
			);
			name = Main.storyboard;
			sourceTree = "<group>";
		};
		7FC9385824AB108A002B0CA7 /* LaunchScreen.storyboard */ = {
			isa = PBXVariantGroup;
			children = (
				7FC9385924AB108A002B0CA7 /* Base */,
			);
			name = LaunchScreen.storyboard;
			sourceTree = "<group>";
		};
/* End PBXVariantGroup section */

/* Begin XCBuildConfiguration section */
		7FC9385C24AB108A002B0CA7 /* Debug */ = {
			isa = XCBuildConfiguration;
			buildSettings = {
				ALWAYS_SEARCH_USER_PATHS = NO;
				CLANG_ANALYZER_NONNULL = YES;
				CLANG_ANALYZER_NUMBER_OBJECT_CONVERSION = YES_AGGRESSIVE;
				CLANG_CXX_LANGUAGE_STANDARD = "gnu++14";
				CLANG_CXX_LIBRARY = "libc++";
				CLANG_ENABLE_MODULES = YES;
				CLANG_ENABLE_OBJC_ARC = YES;
				CLANG_ENABLE_OBJC_WEAK = YES;
				CLANG_WARN_BLOCK_CAPTURE_AUTORELEASING = YES;
				CLANG_WARN_BOOL_CONVERSION = YES;
				CLANG_WARN_COMMA = YES;
				CLANG_WARN_CONSTANT_CONVERSION = YES;
				CLANG_WARN_DEPRECATED_OBJC_IMPLEMENTATIONS = YES;
				CLANG_WARN_DIRECT_OBJC_ISA_USAGE = YES_ERROR;
				CLANG_WARN_DOCUMENTATION_COMMENTS = YES;
				CLANG_WARN_EMPTY_BODY = YES;
				CLANG_WARN_ENUM_CONVERSION = YES;
				CLANG_WARN_INFINITE_RECURSION = YES;
				CLANG_WARN_INT_CONVERSION = YES;
				CLANG_WARN_NON_LITERAL_NULL_CONVERSION = YES;
				CLANG_WARN_OBJC_IMPLICIT_RETAIN_SELF = YES;
				CLANG_WARN_OBJC_LITERAL_CONVERSION = YES;
				CLANG_WARN_OBJC_ROOT_CLASS = YES_ERROR;
				CLANG_WARN_RANGE_LOOP_ANALYSIS = YES;
				CLANG_WARN_STRICT_PROTOTYPES = YES;
				CLANG_WARN_SUSPICIOUS_MOVE = YES;
				CLANG_WARN_UNGUARDED_AVAILABILITY = YES_AGGRESSIVE;
				CLANG_WARN_UNREACHABLE_CODE = YES;
				CLANG_WARN__DUPLICATE_METHOD_MATCH = YES;
				COPY_PHASE_STRIP = NO;
				DEBUG_INFORMATION_FORMAT = dwarf;
				ENABLE_STRICT_OBJC_MSGSEND = YES;
				ENABLE_TESTABILITY = YES;
				GCC_C_LANGUAGE_STANDARD = gnu11;
				GCC_DYNAMIC_NO_PIC = NO;
				GCC_NO_COMMON_BLOCKS = YES;
				GCC_OPTIMIZATION_LEVEL = 0;
				GCC_PREPROCESSOR_DEFINITIONS = (
					"DEBUG=1",
					"$(inherited)",
				);
				GCC_WARN_64_TO_32_BIT_CONVERSION = YES;
				GCC_WARN_ABOUT_RETURN_TYPE = YES_ERROR;
				GCC_WARN_UNDECLARED_SELECTOR = YES;
				GCC_WARN_UNINITIALIZED_AUTOS = YES_AGGRESSIVE;
				GCC_WARN_UNUSED_FUNCTION = YES;
				GCC_WARN_UNUSED_VARIABLE = YES;
				IPHONEOS_DEPLOYMENT_TARGET = 13.0;
				MTL_ENABLE_DEBUG_INFO = INCLUDE_SOURCE;
				MTL_FAST_MATH = YES;
				ONLY_ACTIVE_ARCH = YES;
				SDKROOT = iphoneos;
				SWIFT_ACTIVE_COMPILATION_CONDITIONS = DEBUG;
				SWIFT_OPTIMIZATION_LEVEL = "-Onone";
			};
			name = Debug;
		};
		7FC9385D24AB108A002B0CA7 /* Release */ = {
			isa = XCBuildConfiguration;
			buildSettings = {
				ALWAYS_SEARCH_USER_PATHS = NO;
				CLANG_ANALYZER_NONNULL = YES;
				CLANG_ANALYZER_NUMBER_OBJECT_CONVERSION = YES_AGGRESSIVE;
				CLANG_CXX_LANGUAGE_STANDARD = "gnu++14";
				CLANG_CXX_LIBRARY = "libc++";
				CLANG_ENABLE_MODULES = YES;
				CLANG_ENABLE_OBJC_ARC = YES;
				CLANG_ENABLE_OBJC_WEAK = YES;
				CLANG_WARN_BLOCK_CAPTURE_AUTORELEASING = YES;
				CLANG_WARN_BOOL_CONVERSION = YES;
				CLANG_WARN_COMMA = YES;
				CLANG_WARN_CONSTANT_CONVERSION = YES;
				CLANG_WARN_DEPRECATED_OBJC_IMPLEMENTATIONS = YES;
				CLANG_WARN_DIRECT_OBJC_ISA_USAGE = YES_ERROR;
				CLANG_WARN_DOCUMENTATION_COMMENTS = YES;
				CLANG_WARN_EMPTY_BODY = YES;
				CLANG_WARN_ENUM_CONVERSION = YES;
				CLANG_WARN_INFINITE_RECURSION = YES;
				CLANG_WARN_INT_CONVERSION = YES;
				CLANG_WARN_NON_LITERAL_NULL_CONVERSION = YES;
				CLANG_WARN_OBJC_IMPLICIT_RETAIN_SELF = YES;
				CLANG_WARN_OBJC_LITERAL_CONVERSION = YES;
				CLANG_WARN_OBJC_ROOT_CLASS = YES_ERROR;
				CLANG_WARN_RANGE_LOOP_ANALYSIS = YES;
				CLANG_WARN_STRICT_PROTOTYPES = YES;
				CLANG_WARN_SUSPICIOUS_MOVE = YES;
				CLANG_WARN_UNGUARDED_AVAILABILITY = YES_AGGRESSIVE;
				CLANG_WARN_UNREACHABLE_CODE = YES;
				CLANG_WARN__DUPLICATE_METHOD_MATCH = YES;
				COPY_PHASE_STRIP = NO;
				DEBUG_INFORMATION_FORMAT = "dwarf-with-dsym";
				ENABLE_NS_ASSERTIONS = NO;
				ENABLE_STRICT_OBJC_MSGSEND = YES;
				GCC_C_LANGUAGE_STANDARD = gnu11;
				GCC_NO_COMMON_BLOCKS = YES;
				GCC_WARN_64_TO_32_BIT_CONVERSION = YES;
				GCC_WARN_ABOUT_RETURN_TYPE = YES_ERROR;
				GCC_WARN_UNDECLARED_SELECTOR = YES;
				GCC_WARN_UNINITIALIZED_AUTOS = YES_AGGRESSIVE;
				GCC_WARN_UNUSED_FUNCTION = YES;
				GCC_WARN_UNUSED_VARIABLE = YES;
				IPHONEOS_DEPLOYMENT_TARGET = 13.0;
				MTL_ENABLE_DEBUG_INFO = NO;
				MTL_FAST_MATH = YES;
				SDKROOT = iphoneos;
				SWIFT_COMPILATION_MODE = wholemodule;
				SWIFT_OPTIMIZATION_LEVEL = "-O";
				VALIDATE_PRODUCT = YES;
			};
			name = Release;
		};
		7FC9385F24AB108A002B0CA7 /* Debug */ = {
			isa = XCBuildConfiguration;
			baseConfigurationReference = 1E6D581E26C8D14A0B0C0DAC /* Pods-Ounce.debug.xcconfig */;
			buildSettings = {
				ASSETCATALOG_COMPILER_APPICON_NAME = AppIcon;
				CODE_SIGN_STYLE = Automatic;
				CURRENT_PROJECT_VERSION = 1;
				DEVELOPMENT_TEAM = 78A867AHKF;
				INFOPLIST_FILE = "Ounce/Global/Supporting Files/Info.plist";
				IPHONEOS_DEPLOYMENT_TARGET = 13.0;
				LD_RUNPATH_SEARCH_PATHS = (
					"$(inherited)",
					"@executable_path/Frameworks",
				);
				MARKETING_VERSION = 1.0;
				PRODUCT_BUNDLE_IDENTIFIER = com.assignment3.Ounce;
				PRODUCT_NAME = "$(TARGET_NAME)";
				SWIFT_VERSION = 5.0;
				TARGETED_DEVICE_FAMILY = 1;
			};
			name = Debug;
		};
		7FC9386024AB108A002B0CA7 /* Release */ = {
			isa = XCBuildConfiguration;
			baseConfigurationReference = 05423A96C27836670EC1ED86 /* Pods-Ounce.release.xcconfig */;
			buildSettings = {
				ASSETCATALOG_COMPILER_APPICON_NAME = AppIcon;
				CODE_SIGN_STYLE = Automatic;
				CURRENT_PROJECT_VERSION = 1;
				DEVELOPMENT_TEAM = 78A867AHKF;
				INFOPLIST_FILE = "Ounce/Global/Supporting Files/Info.plist";
				IPHONEOS_DEPLOYMENT_TARGET = 13.0;
				LD_RUNPATH_SEARCH_PATHS = (
					"$(inherited)",
					"@executable_path/Frameworks",
				);
				MARKETING_VERSION = 1.0;
				PRODUCT_BUNDLE_IDENTIFIER = com.assignment3.Ounce;
				PRODUCT_NAME = "$(TARGET_NAME)";
				SWIFT_VERSION = 5.0;
				TARGETED_DEVICE_FAMILY = 1;
			};
			name = Release;
		};
/* End XCBuildConfiguration section */

/* Begin XCConfigurationList section */
		7FC9384524AB1088002B0CA7 /* Build configuration list for PBXProject "Ounce" */ = {
			isa = XCConfigurationList;
			buildConfigurations = (
				7FC9385C24AB108A002B0CA7 /* Debug */,
				7FC9385D24AB108A002B0CA7 /* Release */,
			);
			defaultConfigurationIsVisible = 0;
			defaultConfigurationName = Release;
		};
		7FC9385E24AB108A002B0CA7 /* Build configuration list for PBXNativeTarget "Ounce" */ = {
			isa = XCConfigurationList;
			buildConfigurations = (
				7FC9385F24AB108A002B0CA7 /* Debug */,
				7FC9386024AB108A002B0CA7 /* Release */,
			);
			defaultConfigurationIsVisible = 0;
			defaultConfigurationName = Release;
		};
/* End XCConfigurationList section */
	};
	rootObject = 7FC9384224AB1088002B0CA7 /* Project object */;
}
